// !$*UTF8*$!
{
	archiveVersion = 1;
	classes = {
	};
	objectVersion = 46;
	objects = {

/* Begin PBXBuildFile section */
		0490BD251DE4038E00BE39F7 /* main.m in Sources */ = {isa = PBXBuildFile; fileRef = 0490BD241DE4038E00BE39F7 /* main.m */; };
		0490BD281DE4038E00BE39F7 /* AppDelegate.m in Sources */ = {isa = PBXBuildFile; fileRef = 0490BD271DE4038E00BE39F7 /* AppDelegate.m */; };
		0490BD2E1DE4038E00BE39F7 /* Main.storyboard in Resources */ = {isa = PBXBuildFile; fileRef = 0490BD2C1DE4038E00BE39F7 /* Main.storyboard */; };
		0490BD301DE4038E00BE39F7 /* Images.xcassets in Resources */ = {isa = PBXBuildFile; fileRef = 0490BD2F1DE4038E00BE39F7 /* Images.xcassets */; };
		0490BD331DE4038E00BE39F7 /* LaunchScreen.xib in Resources */ = {isa = PBXBuildFile; fileRef = 0490BD311DE4038E00BE39F7 /* LaunchScreen.xib */; };
		0490BD3F1DE4038F00BE39F7 /* hjtvTests.m in Sources */ = {isa = PBXBuildFile; fileRef = 0490BD3E1DE4038F00BE39F7 /* hjtvTests.m */; };
		0490BD571DE406CD00BE39F7 /* RMainViewController.m in Sources */ = {isa = PBXBuildFile; fileRef = 0490BD531DE406CD00BE39F7 /* RMainViewController.m */; };
		04A574171DE43647003C9620 /* RFirstViewController.m in Sources */ = {isa = PBXBuildFile; fileRef = 04A574151DE43647003C9620 /* RFirstViewController.m */; };
		04A574181DE43647003C9620 /* RFirstViewController.xib in Resources */ = {isa = PBXBuildFile; fileRef = 04A574161DE43647003C9620 /* RFirstViewController.xib */; };
		04A5741C1DE43658003C9620 /* RSecondViewController.m in Sources */ = {isa = PBXBuildFile; fileRef = 04A5741A1DE43658003C9620 /* RSecondViewController.m */; };
		04A5741D1DE43658003C9620 /* RSecondViewController.xib in Resources */ = {isa = PBXBuildFile; fileRef = 04A5741B1DE43658003C9620 /* RSecondViewController.xib */; };
		04A574211DE4482B003C9620 /* RCollectionViewCell.m in Sources */ = {isa = PBXBuildFile; fileRef = 04A5741F1DE4482B003C9620 /* RCollectionViewCell.m */; };
		04A574221DE4482B003C9620 /* RCollectionViewCell.xib in Resources */ = {isa = PBXBuildFile; fileRef = 04A574201DE4482B003C9620 /* RCollectionViewCell.xib */; };
		04A574261DE475E0003C9620 /* RCollectionHeaderViewCollectionReusableView.m in Sources */ = {isa = PBXBuildFile; fileRef = 04A574241DE475E0003C9620 /* RCollectionHeaderViewCollectionReusableView.m */; };
		04A574271DE475E0003C9620 /* RCollectionHeaderViewCollectionReusableView.xib in Resources */ = {isa = PBXBuildFile; fileRef = 04A574251DE475E0003C9620 /* RCollectionHeaderViewCollectionReusableView.xib */; };
		04A5742B1DE4790F003C9620 /* RCollectionViewTwoCell.m in Sources */ = {isa = PBXBuildFile; fileRef = 04A574291DE4790F003C9620 /* RCollectionViewTwoCell.m */; };
		04A5742C1DE4790F003C9620 /* RCollectionViewTwoCell.xib in Resources */ = {isa = PBXBuildFile; fileRef = 04A5742A1DE4790F003C9620 /* RCollectionViewTwoCell.xib */; };
		04A574301DE47920003C9620 /* RCollectionViewThreeCell.m in Sources */ = {isa = PBXBuildFile; fileRef = 04A5742E1DE47920003C9620 /* RCollectionViewThreeCell.m */; };
		04A574311DE47920003C9620 /* RCollectionViewThreeCell.xib in Resources */ = {isa = PBXBuildFile; fileRef = 04A5742F1DE47920003C9620 /* RCollectionViewThreeCell.xib */; };
		04A574351DE5450B003C9620 /* RDetailViewController.m in Sources */ = {isa = PBXBuildFile; fileRef = 04A574331DE5450B003C9620 /* RDetailViewController.m */; };
		04A574361DE5450B003C9620 /* RDetailViewController.xib in Resources */ = {isa = PBXBuildFile; fileRef = 04A574341DE5450B003C9620 /* RDetailViewController.xib */; };
		04A5743A1DE5452A003C9620 /* RPlayViewController.m in Sources */ = {isa = PBXBuildFile; fileRef = 04A574381DE5452A003C9620 /* RPlayViewController.m */; };
		04A5743B1DE5452A003C9620 /* RPlayViewController.xib in Resources */ = {isa = PBXBuildFile; fileRef = 04A574391DE5452A003C9620 /* RPlayViewController.xib */; };
		04A574411DE54965003C9620 /* NetRequestClass.m in Sources */ = {isa = PBXBuildFile; fileRef = 04A574401DE54965003C9620 /* NetRequestClass.m */; };
		04A5745B1DE54BD5003C9620 /* AFHTTPRequestOperation.m in Sources */ = {isa = PBXBuildFile; fileRef = 04A574491DE54BD5003C9620 /* AFHTTPRequestOperation.m */; };
		04A5745C1DE54BD5003C9620 /* AFHTTPRequestOperationManager.m in Sources */ = {isa = PBXBuildFile; fileRef = 04A5744B1DE54BD5003C9620 /* AFHTTPRequestOperationManager.m */; };
		04A5745D1DE54BD5003C9620 /* AFHTTPSessionManager.m in Sources */ = {isa = PBXBuildFile; fileRef = 04A5744D1DE54BD5003C9620 /* AFHTTPSessionManager.m */; };
		04A5745E1DE54BD5003C9620 /* AFNetworkReachabilityManager.m in Sources */ = {isa = PBXBuildFile; fileRef = 04A574501DE54BD5003C9620 /* AFNetworkReachabilityManager.m */; };
		04A5745F1DE54BD5003C9620 /* AFSecurityPolicy.m in Sources */ = {isa = PBXBuildFile; fileRef = 04A574521DE54BD5003C9620 /* AFSecurityPolicy.m */; };
		04A574601DE54BD5003C9620 /* AFURLConnectionOperation.m in Sources */ = {isa = PBXBuildFile; fileRef = 04A574541DE54BD5003C9620 /* AFURLConnectionOperation.m */; };
		04A574611DE54BD5003C9620 /* AFURLRequestSerialization.m in Sources */ = {isa = PBXBuildFile; fileRef = 04A574561DE54BD5003C9620 /* AFURLRequestSerialization.m */; };
		04A574621DE54BD5003C9620 /* AFURLResponseSerialization.m in Sources */ = {isa = PBXBuildFile; fileRef = 04A574581DE54BD5003C9620 /* AFURLResponseSerialization.m */; };
		04A574631DE54BD5003C9620 /* AFURLSessionManager.m in Sources */ = {isa = PBXBuildFile; fileRef = 04A5745A1DE54BD5003C9620 /* AFURLSessionManager.m */; };
		04A574761DE54BD9003C9620 /* AFNetworkActivityIndicatorManager.m in Sources */ = {isa = PBXBuildFile; fileRef = 04A574661DE54BD9003C9620 /* AFNetworkActivityIndicatorManager.m */; };
		04A574771DE54BD9003C9620 /* UIActivityIndicatorView+AFNetworking.m in Sources */ = {isa = PBXBuildFile; fileRef = 04A574681DE54BD9003C9620 /* UIActivityIndicatorView+AFNetworking.m */; };
		04A574781DE54BD9003C9620 /* UIAlertView+AFNetworking.m in Sources */ = {isa = PBXBuildFile; fileRef = 04A5746A1DE54BD9003C9620 /* UIAlertView+AFNetworking.m */; };
		04A574791DE54BD9003C9620 /* UIButton+AFNetworking.m in Sources */ = {isa = PBXBuildFile; fileRef = 04A5746C1DE54BD9003C9620 /* UIButton+AFNetworking.m */; };
		04A5747A1DE54BD9003C9620 /* UIImageView+AFNetworking.m in Sources */ = {isa = PBXBuildFile; fileRef = 04A5746E1DE54BD9003C9620 /* UIImageView+AFNetworking.m */; };
		04A5747B1DE54BD9003C9620 /* UIProgressView+AFNetworking.m in Sources */ = {isa = PBXBuildFile; fileRef = 04A574711DE54BD9003C9620 /* UIProgressView+AFNetworking.m */; };
		04A5747C1DE54BD9003C9620 /* UIRefreshControl+AFNetworking.m in Sources */ = {isa = PBXBuildFile; fileRef = 04A574731DE54BD9003C9620 /* UIRefreshControl+AFNetworking.m */; };
		04A5747D1DE54BD9003C9620 /* UIWebView+AFNetworking.m in Sources */ = {isa = PBXBuildFile; fileRef = 04A574751DE54BD9003C9620 /* UIWebView+AFNetworking.m */; };
		04D3F4711DE411CA0012753D /* TabBarViewController.m in Sources */ = {isa = PBXBuildFile; fileRef = 04D3F4701DE411CA0012753D /* TabBarViewController.m */; };
		04FFAC9D1DE5A081007752D0 /* RSFirstViewController.m in Sources */ = {isa = PBXBuildFile; fileRef = 04FFAC9B1DE5A081007752D0 /* RSFirstViewController.m */; };
		04FFAC9E1DE5A081007752D0 /* RSFirstViewController.xib in Resources */ = {isa = PBXBuildFile; fileRef = 04FFAC9C1DE5A081007752D0 /* RSFirstViewController.xib */; };
		04FFACA21DE5A098007752D0 /* RSSecondViewController.m in Sources */ = {isa = PBXBuildFile; fileRef = 04FFACA01DE5A098007752D0 /* RSSecondViewController.m */; };
		04FFACA31DE5A098007752D0 /* RSSecondViewController.xib in Resources */ = {isa = PBXBuildFile; fileRef = 04FFACA11DE5A098007752D0 /* RSSecondViewController.xib */; };
		04FFACA71DE5A0A9007752D0 /* RSThreeViewController.m in Sources */ = {isa = PBXBuildFile; fileRef = 04FFACA51DE5A0A9007752D0 /* RSThreeViewController.m */; };
		04FFACA81DE5A0A9007752D0 /* RSThreeViewController.xib in Resources */ = {isa = PBXBuildFile; fileRef = 04FFACA61DE5A0A9007752D0 /* RSThreeViewController.xib */; };
		04FFACAA1DE5B539007752D0 /* 1.mp4 in Resources */ = {isa = PBXBuildFile; fileRef = 04FFACA91DE5B539007752D0 /* 1.mp4 */; };
		04FFACAD1DE5CFDA007752D0 /* HjVideoList.m in Sources */ = {isa = PBXBuildFile; fileRef = 04FFACAC1DE5CFDA007752D0 /* HjVideoList.m */; };
		04FFACB01DE5D2E6007752D0 /* HjVideoInfo.m in Sources */ = {isa = PBXBuildFile; fileRef = 04FFACAF1DE5D2E6007752D0 /* HjVideoInfo.m */; };
		04FFACC51DE5D707007752D0 /* MJArgument.m in Sources */ = {isa = PBXBuildFile; fileRef = 04FFACB31DE5D707007752D0 /* MJArgument.m */; };
		04FFACC61DE5D707007752D0 /* MJIvar.m in Sources */ = {isa = PBXBuildFile; fileRef = 04FFACB61DE5D707007752D0 /* MJIvar.m */; };
		04FFACC71DE5D707007752D0 /* MJMember.m in Sources */ = {isa = PBXBuildFile; fileRef = 04FFACB81DE5D707007752D0 /* MJMember.m */; };
		04FFACC81DE5D707007752D0 /* MJMethod.m in Sources */ = {isa = PBXBuildFile; fileRef = 04FFACBA1DE5D707007752D0 /* MJMethod.m */; };
		04FFACC91DE5D707007752D0 /* MJType.m in Sources */ = {isa = PBXBuildFile; fileRef = 04FFACBC1DE5D707007752D0 /* MJType.m */; };
		04FFACCA1DE5D707007752D0 /* MJTypeEncoding.m in Sources */ = {isa = PBXBuildFile; fileRef = 04FFACBE1DE5D707007752D0 /* MJTypeEncoding.m */; };
		04FFACCB1DE5D707007752D0 /* NSObject+MJCoding.m in Sources */ = {isa = PBXBuildFile; fileRef = 04FFACC01DE5D707007752D0 /* NSObject+MJCoding.m */; };
		04FFACCC1DE5D707007752D0 /* NSObject+MJKeyValue.m in Sources */ = {isa = PBXBuildFile; fileRef = 04FFACC21DE5D707007752D0 /* NSObject+MJKeyValue.m */; };
		04FFACCD1DE5D707007752D0 /* NSObject+MJMember.m in Sources */ = {isa = PBXBuildFile; fileRef = 04FFACC41DE5D707007752D0 /* NSObject+MJMember.m */; };
		04FFACD01DE679EB007752D0 /* NetRequestClass+Recommend.m in Sources */ = {isa = PBXBuildFile; fileRef = 04FFACCF1DE679EB007752D0 /* NetRequestClass+Recommend.m */; };
		04FFACF31DE681F5007752D0 /* MKAnnotationView+WebCache.m in Sources */ = {isa = PBXBuildFile; fileRef = 04FFACD31DE681F5007752D0 /* MKAnnotationView+WebCache.m */; };
		04FFACF41DE681F5007752D0 /* NSData+ImageContentType.m in Sources */ = {isa = PBXBuildFile; fileRef = 04FFACD51DE681F5007752D0 /* NSData+ImageContentType.m */; };
		04FFACF51DE681F5007752D0 /* SDImageCache.m in Sources */ = {isa = PBXBuildFile; fileRef = 04FFACD71DE681F5007752D0 /* SDImageCache.m */; };
		04FFACF61DE681F5007752D0 /* SDWebImageCompat.m in Sources */ = {isa = PBXBuildFile; fileRef = 04FFACD91DE681F5007752D0 /* SDWebImageCompat.m */; };
		04FFACF71DE681F5007752D0 /* SDWebImageDecoder.m in Sources */ = {isa = PBXBuildFile; fileRef = 04FFACDB1DE681F5007752D0 /* SDWebImageDecoder.m */; };
		04FFACF81DE681F5007752D0 /* SDWebImageDownloader.m in Sources */ = {isa = PBXBuildFile; fileRef = 04FFACDD1DE681F5007752D0 /* SDWebImageDownloader.m */; };
		04FFACF91DE681F5007752D0 /* SDWebImageDownloaderOperation.m in Sources */ = {isa = PBXBuildFile; fileRef = 04FFACDF1DE681F5007752D0 /* SDWebImageDownloaderOperation.m */; };
		04FFACFA1DE681F5007752D0 /* SDWebImageManager.m in Sources */ = {isa = PBXBuildFile; fileRef = 04FFACE11DE681F5007752D0 /* SDWebImageManager.m */; };
		04FFACFB1DE681F5007752D0 /* SDWebImagePrefetcher.m in Sources */ = {isa = PBXBuildFile; fileRef = 04FFACE41DE681F5007752D0 /* SDWebImagePrefetcher.m */; };
		04FFACFC1DE681F5007752D0 /* UIButton+WebCache.m in Sources */ = {isa = PBXBuildFile; fileRef = 04FFACE61DE681F5007752D0 /* UIButton+WebCache.m */; };
		04FFACFD1DE681F5007752D0 /* UIImage+GIF.m in Sources */ = {isa = PBXBuildFile; fileRef = 04FFACE81DE681F5007752D0 /* UIImage+GIF.m */; };
		04FFACFE1DE681F5007752D0 /* UIImage+MultiFormat.m in Sources */ = {isa = PBXBuildFile; fileRef = 04FFACEA1DE681F5007752D0 /* UIImage+MultiFormat.m */; };
		04FFACFF1DE681F5007752D0 /* UIImage+WebP.m in Sources */ = {isa = PBXBuildFile; fileRef = 04FFACEC1DE681F5007752D0 /* UIImage+WebP.m */; };
		04FFAD001DE681F5007752D0 /* UIImageView+HighlightedWebCache.m in Sources */ = {isa = PBXBuildFile; fileRef = 04FFACEE1DE681F5007752D0 /* UIImageView+HighlightedWebCache.m */; };
		04FFAD011DE681F5007752D0 /* UIImageView+WebCache.m in Sources */ = {isa = PBXBuildFile; fileRef = 04FFACF01DE681F5007752D0 /* UIImageView+WebCache.m */; };
		04FFAD021DE681F5007752D0 /* UIView+WebCacheOperation.m in Sources */ = {isa = PBXBuildFile; fileRef = 04FFACF21DE681F5007752D0 /* UIView+WebCacheOperation.m */; };
		04FFAD051DE686EF007752D0 /* StarVideoList.m in Sources */ = {isa = PBXBuildFile; fileRef = 04FFAD041DE686EF007752D0 /* StarVideoList.m */; };
		04FFAD081DE68708007752D0 /* StarVideoInfo.m in Sources */ = {isa = PBXBuildFile; fileRef = 04FFAD071DE68708007752D0 /* StarVideoInfo.m */; };
		04FFAD0B1DE69AC6007752D0 /* StarVideoDy.m in Sources */ = {isa = PBXBuildFile; fileRef = 04FFAD0A1DE69AC6007752D0 /* StarVideoDy.m */; };
		04FFAD0E1DE69B3A007752D0 /* StarVideoDyInfo.m in Sources */ = {isa = PBXBuildFile; fileRef = 04FFAD0D1DE69B3A007752D0 /* StarVideoDyInfo.m */; };
		04FFAD111DE6B1CA007752D0 /* HjInfo.m in Sources */ = {isa = PBXBuildFile; fileRef = 04FFAD101DE6B1CA007752D0 /* HjInfo.m */; };
		04FFAD141DE6B25D007752D0 /* HjInfoSeries.m in Sources */ = {isa = PBXBuildFile; fileRef = 04FFAD131DE6B25D007752D0 /* HjInfoSeries.m */; };
		04FFAD171DE6B2FC007752D0 /* HjInfoPlayInfo.m in Sources */ = {isa = PBXBuildFile; fileRef = 04FFAD161DE6B2FC007752D0 /* HjInfoPlayInfo.m */; };
		04FFAD251DE7EC89007752D0 /* StarDetailViewController.m in Sources */ = {isa = PBXBuildFile; fileRef = 04FFAD231DE7EC88007752D0 /* StarDetailViewController.m */; };
		04FFAD261DE7EC89007752D0 /* StarDetailViewController.xib in Resources */ = {isa = PBXBuildFile; fileRef = 04FFAD241DE7EC88007752D0 /* StarDetailViewController.xib */; };
		04FFAD2A1DE7ECA4007752D0 /* MoreDetailViewController.m in Sources */ = {isa = PBXBuildFile; fileRef = 04FFAD281DE7ECA3007752D0 /* MoreDetailViewController.m */; };
		04FFAD2B1DE7ECA4007752D0 /* MoreDetailViewController.xib in Resources */ = {isa = PBXBuildFile; fileRef = 04FFAD291DE7ECA4007752D0 /* MoreDetailViewController.xib */; };
		04FFAD341DE7F41A007752D0 /* ZFirstViewController.m in Sources */ = {isa = PBXBuildFile; fileRef = 04FFAD2D1DE7F41A007752D0 /* ZFirstViewController.m */; };
		04FFAD351DE7F41A007752D0 /* ZFirstViewController.xib in Resources */ = {isa = PBXBuildFile; fileRef = 04FFAD2E1DE7F41A007752D0 /* ZFirstViewController.xib */; };
		04FFAD361DE7F41A007752D0 /* ZjViewController.m in Sources */ = {isa = PBXBuildFile; fileRef = 04FFAD301DE7F41A007752D0 /* ZjViewController.m */; };
		04FFAD371DE7F41A007752D0 /* ZSecondViewController.m in Sources */ = {isa = PBXBuildFile; fileRef = 04FFAD321DE7F41A007752D0 /* ZSecondViewController.m */; };
		04FFAD381DE7F41A007752D0 /* ZSecondViewController.xib in Resources */ = {isa = PBXBuildFile; fileRef = 04FFAD331DE7F41A007752D0 /* ZSecondViewController.xib */; };
		04FFAD461DE7F4EF007752D0 /* ForumViewController .m in Sources */ = {isa = PBXBuildFile; fileRef = 04FFAD391DE7F4EF007752D0 /* ForumViewController .m */; };
		04FFAD471DE7F4EF007752D0 /* MovieViewController.m in Sources */ = {isa = PBXBuildFile; fileRef = 04FFAD3C1DE7F4EF007752D0 /* MovieViewController.m */; };
		04FFAD481DE7F4EF007752D0 /* MovieViewController.storyboard in Resources */ = {isa = PBXBuildFile; fileRef = 04FFAD3D1DE7F4EF007752D0 /* MovieViewController.storyboard */; };
		04FFAD491DE7F4EF007752D0 /* ReadMe.rtf in Resources */ = {isa = PBXBuildFile; fileRef = 04FFAD3E1DE7F4EF007752D0 /* ReadMe.rtf */; };
		04FFAD4A1DE7F4EF007752D0 /* SearchViewController.m in Sources */ = {isa = PBXBuildFile; fileRef = 04FFAD401DE7F4EF007752D0 /* SearchViewController.m */; };
		04FFAD4B1DE7F4EF007752D0 /* VarietyTableViewCell.m in Sources */ = {isa = PBXBuildFile; fileRef = 04FFAD421DE7F4EF007752D0 /* VarietyTableViewCell.m */; };
		04FFAD4C1DE7F4EF007752D0 /* VarietyViewController.m in Sources */ = {isa = PBXBuildFile; fileRef = 04FFAD441DE7F4EF007752D0 /* VarietyViewController.m */; };
		04FFAD4D1DE7F4EF007752D0 /* VarietyViewController.storyboard in Resources */ = {isa = PBXBuildFile; fileRef = 04FFAD451DE7F4EF007752D0 /* VarietyViewController.storyboard */; };
/* End PBXBuildFile section */

/* Begin PBXContainerItemProxy section */
		0490BD391DE4038F00BE39F7 /* PBXContainerItemProxy */ = {
			isa = PBXContainerItemProxy;
			containerPortal = 0490BD171DE4038E00BE39F7 /* Project object */;
			proxyType = 1;
			remoteGlobalIDString = 0490BD1E1DE4038E00BE39F7;
			remoteInfo = hjtv;
		};
/* End PBXContainerItemProxy section */

/* Begin PBXFileReference section */
		0490BD1F1DE4038E00BE39F7 /* hjtv.app */ = {isa = PBXFileReference; explicitFileType = wrapper.application; includeInIndex = 0; path = hjtv.app; sourceTree = BUILT_PRODUCTS_DIR; };
		0490BD231DE4038E00BE39F7 /* Info.plist */ = {isa = PBXFileReference; lastKnownFileType = text.plist.xml; path = Info.plist; sourceTree = "<group>"; };
		0490BD241DE4038E00BE39F7 /* main.m */ = {isa = PBXFileReference; lastKnownFileType = sourcecode.c.objc; path = main.m; sourceTree = "<group>"; };
		0490BD261DE4038E00BE39F7 /* AppDelegate.h */ = {isa = PBXFileReference; lastKnownFileType = sourcecode.c.h; path = AppDelegate.h; sourceTree = "<group>"; };
		0490BD271DE4038E00BE39F7 /* AppDelegate.m */ = {isa = PBXFileReference; lastKnownFileType = sourcecode.c.objc; path = AppDelegate.m; sourceTree = "<group>"; };
		0490BD2D1DE4038E00BE39F7 /* Base */ = {isa = PBXFileReference; lastKnownFileType = file.storyboard; name = Base; path = Base.lproj/Main.storyboard; sourceTree = "<group>"; };
		0490BD2F1DE4038E00BE39F7 /* Images.xcassets */ = {isa = PBXFileReference; lastKnownFileType = folder.assetcatalog; path = Images.xcassets; sourceTree = "<group>"; };
		0490BD321DE4038E00BE39F7 /* Base */ = {isa = PBXFileReference; lastKnownFileType = file.xib; name = Base; path = Base.lproj/LaunchScreen.xib; sourceTree = "<group>"; };
		0490BD381DE4038F00BE39F7 /* hjtvTests.xctest */ = {isa = PBXFileReference; explicitFileType = wrapper.cfbundle; includeInIndex = 0; path = hjtvTests.xctest; sourceTree = BUILT_PRODUCTS_DIR; };
		0490BD3D1DE4038F00BE39F7 /* Info.plist */ = {isa = PBXFileReference; lastKnownFileType = text.plist.xml; path = Info.plist; sourceTree = "<group>"; };
		0490BD3E1DE4038F00BE39F7 /* hjtvTests.m */ = {isa = PBXFileReference; lastKnownFileType = sourcecode.c.objc; path = hjtvTests.m; sourceTree = "<group>"; };
		0490BD521DE406CD00BE39F7 /* RMainViewController.h */ = {isa = PBXFileReference; fileEncoding = 4; lastKnownFileType = sourcecode.c.h; path = RMainViewController.h; sourceTree = "<group>"; };
		0490BD531DE406CD00BE39F7 /* RMainViewController.m */ = {isa = PBXFileReference; fileEncoding = 4; lastKnownFileType = sourcecode.c.objc; path = RMainViewController.m; sourceTree = "<group>"; };
		04A574141DE43646003C9620 /* RFirstViewController.h */ = {isa = PBXFileReference; fileEncoding = 4; lastKnownFileType = sourcecode.c.h; path = RFirstViewController.h; sourceTree = "<group>"; };
		04A574151DE43647003C9620 /* RFirstViewController.m */ = {isa = PBXFileReference; fileEncoding = 4; lastKnownFileType = sourcecode.c.objc; path = RFirstViewController.m; sourceTree = "<group>"; };
		04A574161DE43647003C9620 /* RFirstViewController.xib */ = {isa = PBXFileReference; fileEncoding = 4; lastKnownFileType = file.xib; path = RFirstViewController.xib; sourceTree = "<group>"; };
		04A574191DE43658003C9620 /* RSecondViewController.h */ = {isa = PBXFileReference; fileEncoding = 4; lastKnownFileType = sourcecode.c.h; path = RSecondViewController.h; sourceTree = "<group>"; };
		04A5741A1DE43658003C9620 /* RSecondViewController.m */ = {isa = PBXFileReference; fileEncoding = 4; lastKnownFileType = sourcecode.c.objc; path = RSecondViewController.m; sourceTree = "<group>"; };
		04A5741B1DE43658003C9620 /* RSecondViewController.xib */ = {isa = PBXFileReference; fileEncoding = 4; lastKnownFileType = file.xib; path = RSecondViewController.xib; sourceTree = "<group>"; };
		04A5741E1DE4482B003C9620 /* RCollectionViewCell.h */ = {isa = PBXFileReference; fileEncoding = 4; lastKnownFileType = sourcecode.c.h; name = RCollectionViewCell.h; path = ../ModelR/RCollectionViewCell.h; sourceTree = "<group>"; };
		04A5741F1DE4482B003C9620 /* RCollectionViewCell.m */ = {isa = PBXFileReference; fileEncoding = 4; lastKnownFileType = sourcecode.c.objc; name = RCollectionViewCell.m; path = ../ModelR/RCollectionViewCell.m; sourceTree = "<group>"; };
		04A574201DE4482B003C9620 /* RCollectionViewCell.xib */ = {isa = PBXFileReference; fileEncoding = 4; lastKnownFileType = file.xib; name = RCollectionViewCell.xib; path = ../ModelR/RCollectionViewCell.xib; sourceTree = "<group>"; };
		04A574231DE475E0003C9620 /* RCollectionHeaderViewCollectionReusableView.h */ = {isa = PBXFileReference; fileEncoding = 4; lastKnownFileType = sourcecode.c.h; path = RCollectionHeaderViewCollectionReusableView.h; sourceTree = "<group>"; };
		04A574241DE475E0003C9620 /* RCollectionHeaderViewCollectionReusableView.m */ = {isa = PBXFileReference; fileEncoding = 4; lastKnownFileType = sourcecode.c.objc; path = RCollectionHeaderViewCollectionReusableView.m; sourceTree = "<group>"; };
		04A574251DE475E0003C9620 /* RCollectionHeaderViewCollectionReusableView.xib */ = {isa = PBXFileReference; fileEncoding = 4; lastKnownFileType = file.xib; path = RCollectionHeaderViewCollectionReusableView.xib; sourceTree = "<group>"; };
		04A574281DE4790F003C9620 /* RCollectionViewTwoCell.h */ = {isa = PBXFileReference; fileEncoding = 4; lastKnownFileType = sourcecode.c.h; path = RCollectionViewTwoCell.h; sourceTree = "<group>"; };
		04A574291DE4790F003C9620 /* RCollectionViewTwoCell.m */ = {isa = PBXFileReference; fileEncoding = 4; lastKnownFileType = sourcecode.c.objc; path = RCollectionViewTwoCell.m; sourceTree = "<group>"; };
		04A5742A1DE4790F003C9620 /* RCollectionViewTwoCell.xib */ = {isa = PBXFileReference; fileEncoding = 4; lastKnownFileType = file.xib; path = RCollectionViewTwoCell.xib; sourceTree = "<group>"; };
		04A5742D1DE47920003C9620 /* RCollectionViewThreeCell.h */ = {isa = PBXFileReference; fileEncoding = 4; lastKnownFileType = sourcecode.c.h; path = RCollectionViewThreeCell.h; sourceTree = "<group>"; };
		04A5742E1DE47920003C9620 /* RCollectionViewThreeCell.m */ = {isa = PBXFileReference; fileEncoding = 4; lastKnownFileType = sourcecode.c.objc; path = RCollectionViewThreeCell.m; sourceTree = "<group>"; };
		04A5742F1DE47920003C9620 /* RCollectionViewThreeCell.xib */ = {isa = PBXFileReference; fileEncoding = 4; lastKnownFileType = file.xib; path = RCollectionViewThreeCell.xib; sourceTree = "<group>"; };
		04A574321DE5450B003C9620 /* RDetailViewController.h */ = {isa = PBXFileReference; fileEncoding = 4; lastKnownFileType = sourcecode.c.h; path = RDetailViewController.h; sourceTree = "<group>"; };
		04A574331DE5450B003C9620 /* RDetailViewController.m */ = {isa = PBXFileReference; fileEncoding = 4; lastKnownFileType = sourcecode.c.objc; path = RDetailViewController.m; sourceTree = "<group>"; };
		04A574341DE5450B003C9620 /* RDetailViewController.xib */ = {isa = PBXFileReference; fileEncoding = 4; lastKnownFileType = file.xib; path = RDetailViewController.xib; sourceTree = "<group>"; };
		04A574371DE5452A003C9620 /* RPlayViewController.h */ = {isa = PBXFileReference; fileEncoding = 4; lastKnownFileType = sourcecode.c.h; path = RPlayViewController.h; sourceTree = "<group>"; };
		04A574381DE5452A003C9620 /* RPlayViewController.m */ = {isa = PBXFileReference; fileEncoding = 4; lastKnownFileType = sourcecode.c.objc; path = RPlayViewController.m; sourceTree = "<group>"; };
		04A574391DE5452A003C9620 /* RPlayViewController.xib */ = {isa = PBXFileReference; fileEncoding = 4; lastKnownFileType = file.xib; path = RPlayViewController.xib; sourceTree = "<group>"; };
		04A5743F1DE54965003C9620 /* NetRequestClass.h */ = {isa = PBXFileReference; fileEncoding = 4; lastKnownFileType = sourcecode.c.h; path = NetRequestClass.h; sourceTree = "<group>"; };
		04A574401DE54965003C9620 /* NetRequestClass.m */ = {isa = PBXFileReference; fileEncoding = 4; lastKnownFileType = sourcecode.c.objc; path = NetRequestClass.m; sourceTree = "<group>"; };
		04A574441DE54A49003C9620 /* Config.h */ = {isa = PBXFileReference; fileEncoding = 4; lastKnownFileType = sourcecode.c.h; name = Config.h; path = hjtv/Config/Config.h; sourceTree = SOURCE_ROOT; };
		04A574451DE54A49003C9620 /* PrefixHeader.pch */ = {isa = PBXFileReference; fileEncoding = 4; lastKnownFileType = sourcecode.c.h; name = PrefixHeader.pch; path = hjtv/Config/PrefixHeader.pch; sourceTree = SOURCE_ROOT; };
		04A574481DE54BD5003C9620 /* AFHTTPRequestOperation.h */ = {isa = PBXFileReference; fileEncoding = 4; lastKnownFileType = sourcecode.c.h; path = AFHTTPRequestOperation.h; sourceTree = "<group>"; };
		04A574491DE54BD5003C9620 /* AFHTTPRequestOperation.m */ = {isa = PBXFileReference; fileEncoding = 4; lastKnownFileType = sourcecode.c.objc; path = AFHTTPRequestOperation.m; sourceTree = "<group>"; };
		04A5744A1DE54BD5003C9620 /* AFHTTPRequestOperationManager.h */ = {isa = PBXFileReference; fileEncoding = 4; lastKnownFileType = sourcecode.c.h; path = AFHTTPRequestOperationManager.h; sourceTree = "<group>"; };
		04A5744B1DE54BD5003C9620 /* AFHTTPRequestOperationManager.m */ = {isa = PBXFileReference; fileEncoding = 4; lastKnownFileType = sourcecode.c.objc; path = AFHTTPRequestOperationManager.m; sourceTree = "<group>"; };
		04A5744C1DE54BD5003C9620 /* AFHTTPSessionManager.h */ = {isa = PBXFileReference; fileEncoding = 4; lastKnownFileType = sourcecode.c.h; path = AFHTTPSessionManager.h; sourceTree = "<group>"; };
		04A5744D1DE54BD5003C9620 /* AFHTTPSessionManager.m */ = {isa = PBXFileReference; fileEncoding = 4; lastKnownFileType = sourcecode.c.objc; path = AFHTTPSessionManager.m; sourceTree = "<group>"; };
		04A5744E1DE54BD5003C9620 /* AFNetworking.h */ = {isa = PBXFileReference; fileEncoding = 4; lastKnownFileType = sourcecode.c.h; path = AFNetworking.h; sourceTree = "<group>"; };
		04A5744F1DE54BD5003C9620 /* AFNetworkReachabilityManager.h */ = {isa = PBXFileReference; fileEncoding = 4; lastKnownFileType = sourcecode.c.h; path = AFNetworkReachabilityManager.h; sourceTree = "<group>"; };
		04A574501DE54BD5003C9620 /* AFNetworkReachabilityManager.m */ = {isa = PBXFileReference; fileEncoding = 4; lastKnownFileType = sourcecode.c.objc; path = AFNetworkReachabilityManager.m; sourceTree = "<group>"; };
		04A574511DE54BD5003C9620 /* AFSecurityPolicy.h */ = {isa = PBXFileReference; fileEncoding = 4; lastKnownFileType = sourcecode.c.h; path = AFSecurityPolicy.h; sourceTree = "<group>"; };
		04A574521DE54BD5003C9620 /* AFSecurityPolicy.m */ = {isa = PBXFileReference; fileEncoding = 4; lastKnownFileType = sourcecode.c.objc; path = AFSecurityPolicy.m; sourceTree = "<group>"; };
		04A574531DE54BD5003C9620 /* AFURLConnectionOperation.h */ = {isa = PBXFileReference; fileEncoding = 4; lastKnownFileType = sourcecode.c.h; path = AFURLConnectionOperation.h; sourceTree = "<group>"; };
		04A574541DE54BD5003C9620 /* AFURLConnectionOperation.m */ = {isa = PBXFileReference; fileEncoding = 4; lastKnownFileType = sourcecode.c.objc; path = AFURLConnectionOperation.m; sourceTree = "<group>"; };
		04A574551DE54BD5003C9620 /* AFURLRequestSerialization.h */ = {isa = PBXFileReference; fileEncoding = 4; lastKnownFileType = sourcecode.c.h; path = AFURLRequestSerialization.h; sourceTree = "<group>"; };
		04A574561DE54BD5003C9620 /* AFURLRequestSerialization.m */ = {isa = PBXFileReference; fileEncoding = 4; lastKnownFileType = sourcecode.c.objc; path = AFURLRequestSerialization.m; sourceTree = "<group>"; };
		04A574571DE54BD5003C9620 /* AFURLResponseSerialization.h */ = {isa = PBXFileReference; fileEncoding = 4; lastKnownFileType = sourcecode.c.h; path = AFURLResponseSerialization.h; sourceTree = "<group>"; };
		04A574581DE54BD5003C9620 /* AFURLResponseSerialization.m */ = {isa = PBXFileReference; fileEncoding = 4; lastKnownFileType = sourcecode.c.objc; path = AFURLResponseSerialization.m; sourceTree = "<group>"; };
		04A574591DE54BD5003C9620 /* AFURLSessionManager.h */ = {isa = PBXFileReference; fileEncoding = 4; lastKnownFileType = sourcecode.c.h; path = AFURLSessionManager.h; sourceTree = "<group>"; };
		04A5745A1DE54BD5003C9620 /* AFURLSessionManager.m */ = {isa = PBXFileReference; fileEncoding = 4; lastKnownFileType = sourcecode.c.objc; path = AFURLSessionManager.m; sourceTree = "<group>"; };
		04A574651DE54BD9003C9620 /* AFNetworkActivityIndicatorManager.h */ = {isa = PBXFileReference; fileEncoding = 4; lastKnownFileType = sourcecode.c.h; path = AFNetworkActivityIndicatorManager.h; sourceTree = "<group>"; };
		04A574661DE54BD9003C9620 /* AFNetworkActivityIndicatorManager.m */ = {isa = PBXFileReference; fileEncoding = 4; lastKnownFileType = sourcecode.c.objc; path = AFNetworkActivityIndicatorManager.m; sourceTree = "<group>"; };
		04A574671DE54BD9003C9620 /* UIActivityIndicatorView+AFNetworking.h */ = {isa = PBXFileReference; fileEncoding = 4; lastKnownFileType = sourcecode.c.h; path = "UIActivityIndicatorView+AFNetworking.h"; sourceTree = "<group>"; };
		04A574681DE54BD9003C9620 /* UIActivityIndicatorView+AFNetworking.m */ = {isa = PBXFileReference; fileEncoding = 4; lastKnownFileType = sourcecode.c.objc; path = "UIActivityIndicatorView+AFNetworking.m"; sourceTree = "<group>"; };
		04A574691DE54BD9003C9620 /* UIAlertView+AFNetworking.h */ = {isa = PBXFileReference; fileEncoding = 4; lastKnownFileType = sourcecode.c.h; path = "UIAlertView+AFNetworking.h"; sourceTree = "<group>"; };
		04A5746A1DE54BD9003C9620 /* UIAlertView+AFNetworking.m */ = {isa = PBXFileReference; fileEncoding = 4; lastKnownFileType = sourcecode.c.objc; path = "UIAlertView+AFNetworking.m"; sourceTree = "<group>"; };
		04A5746B1DE54BD9003C9620 /* UIButton+AFNetworking.h */ = {isa = PBXFileReference; fileEncoding = 4; lastKnownFileType = sourcecode.c.h; path = "UIButton+AFNetworking.h"; sourceTree = "<group>"; };
		04A5746C1DE54BD9003C9620 /* UIButton+AFNetworking.m */ = {isa = PBXFileReference; fileEncoding = 4; lastKnownFileType = sourcecode.c.objc; path = "UIButton+AFNetworking.m"; sourceTree = "<group>"; };
		04A5746D1DE54BD9003C9620 /* UIImageView+AFNetworking.h */ = {isa = PBXFileReference; fileEncoding = 4; lastKnownFileType = sourcecode.c.h; path = "UIImageView+AFNetworking.h"; sourceTree = "<group>"; };
		04A5746E1DE54BD9003C9620 /* UIImageView+AFNetworking.m */ = {isa = PBXFileReference; fileEncoding = 4; lastKnownFileType = sourcecode.c.objc; path = "UIImageView+AFNetworking.m"; sourceTree = "<group>"; };
		04A5746F1DE54BD9003C9620 /* UIKit+AFNetworking.h */ = {isa = PBXFileReference; fileEncoding = 4; lastKnownFileType = sourcecode.c.h; path = "UIKit+AFNetworking.h"; sourceTree = "<group>"; };
		04A574701DE54BD9003C9620 /* UIProgressView+AFNetworking.h */ = {isa = PBXFileReference; fileEncoding = 4; lastKnownFileType = sourcecode.c.h; path = "UIProgressView+AFNetworking.h"; sourceTree = "<group>"; };
		04A574711DE54BD9003C9620 /* UIProgressView+AFNetworking.m */ = {isa = PBXFileReference; fileEncoding = 4; lastKnownFileType = sourcecode.c.objc; path = "UIProgressView+AFNetworking.m"; sourceTree = "<group>"; };
		04A574721DE54BD9003C9620 /* UIRefreshControl+AFNetworking.h */ = {isa = PBXFileReference; fileEncoding = 4; lastKnownFileType = sourcecode.c.h; path = "UIRefreshControl+AFNetworking.h"; sourceTree = "<group>"; };
		04A574731DE54BD9003C9620 /* UIRefreshControl+AFNetworking.m */ = {isa = PBXFileReference; fileEncoding = 4; lastKnownFileType = sourcecode.c.objc; path = "UIRefreshControl+AFNetworking.m"; sourceTree = "<group>"; };
		04A574741DE54BD9003C9620 /* UIWebView+AFNetworking.h */ = {isa = PBXFileReference; fileEncoding = 4; lastKnownFileType = sourcecode.c.h; path = "UIWebView+AFNetworking.h"; sourceTree = "<group>"; };
		04A574751DE54BD9003C9620 /* UIWebView+AFNetworking.m */ = {isa = PBXFileReference; fileEncoding = 4; lastKnownFileType = sourcecode.c.objc; path = "UIWebView+AFNetworking.m"; sourceTree = "<group>"; };
		04D3F46F1DE411CA0012753D /* TabBarViewController.h */ = {isa = PBXFileReference; fileEncoding = 4; lastKnownFileType = sourcecode.c.h; path = TabBarViewController.h; sourceTree = "<group>"; };
		04D3F4701DE411CA0012753D /* TabBarViewController.m */ = {isa = PBXFileReference; fileEncoding = 4; lastKnownFileType = sourcecode.c.objc; path = TabBarViewController.m; sourceTree = "<group>"; };
		04FFAC9A1DE5A081007752D0 /* RSFirstViewController.h */ = {isa = PBXFileReference; fileEncoding = 4; lastKnownFileType = sourcecode.c.h; path = RSFirstViewController.h; sourceTree = "<group>"; };
		04FFAC9B1DE5A081007752D0 /* RSFirstViewController.m */ = {isa = PBXFileReference; fileEncoding = 4; lastKnownFileType = sourcecode.c.objc; path = RSFirstViewController.m; sourceTree = "<group>"; };
		04FFAC9C1DE5A081007752D0 /* RSFirstViewController.xib */ = {isa = PBXFileReference; fileEncoding = 4; lastKnownFileType = file.xib; path = RSFirstViewController.xib; sourceTree = "<group>"; };
		04FFAC9F1DE5A098007752D0 /* RSSecondViewController.h */ = {isa = PBXFileReference; fileEncoding = 4; lastKnownFileType = sourcecode.c.h; path = RSSecondViewController.h; sourceTree = "<group>"; };
		04FFACA01DE5A098007752D0 /* RSSecondViewController.m */ = {isa = PBXFileReference; fileEncoding = 4; lastKnownFileType = sourcecode.c.objc; path = RSSecondViewController.m; sourceTree = "<group>"; };
		04FFACA11DE5A098007752D0 /* RSSecondViewController.xib */ = {isa = PBXFileReference; fileEncoding = 4; lastKnownFileType = file.xib; path = RSSecondViewController.xib; sourceTree = "<group>"; };
		04FFACA41DE5A0A9007752D0 /* RSThreeViewController.h */ = {isa = PBXFileReference; fileEncoding = 4; lastKnownFileType = sourcecode.c.h; path = RSThreeViewController.h; sourceTree = "<group>"; };
		04FFACA51DE5A0A9007752D0 /* RSThreeViewController.m */ = {isa = PBXFileReference; fileEncoding = 4; lastKnownFileType = sourcecode.c.objc; path = RSThreeViewController.m; sourceTree = "<group>"; };
		04FFACA61DE5A0A9007752D0 /* RSThreeViewController.xib */ = {isa = PBXFileReference; fileEncoding = 4; lastKnownFileType = file.xib; path = RSThreeViewController.xib; sourceTree = "<group>"; };
		04FFACA91DE5B539007752D0 /* 1.mp4 */ = {isa = PBXFileReference; lastKnownFileType = file; path = 1.mp4; sourceTree = "<group>"; };
		04FFACAB1DE5CFDA007752D0 /* HjVideoList.h */ = {isa = PBXFileReference; fileEncoding = 4; lastKnownFileType = sourcecode.c.h; path = HjVideoList.h; sourceTree = "<group>"; };
		04FFACAC1DE5CFDA007752D0 /* HjVideoList.m */ = {isa = PBXFileReference; fileEncoding = 4; lastKnownFileType = sourcecode.c.objc; path = HjVideoList.m; sourceTree = "<group>"; };
		04FFACAE1DE5D2E6007752D0 /* HjVideoInfo.h */ = {isa = PBXFileReference; fileEncoding = 4; lastKnownFileType = sourcecode.c.h; path = HjVideoInfo.h; sourceTree = "<group>"; };
		04FFACAF1DE5D2E6007752D0 /* HjVideoInfo.m */ = {isa = PBXFileReference; fileEncoding = 4; lastKnownFileType = sourcecode.c.objc; path = HjVideoInfo.m; sourceTree = "<group>"; };
		04FFACB21DE5D707007752D0 /* MJArgument.h */ = {isa = PBXFileReference; fileEncoding = 4; lastKnownFileType = sourcecode.c.h; path = MJArgument.h; sourceTree = "<group>"; };
		04FFACB31DE5D707007752D0 /* MJArgument.m */ = {isa = PBXFileReference; fileEncoding = 4; lastKnownFileType = sourcecode.c.objc; path = MJArgument.m; sourceTree = "<group>"; };
		04FFACB41DE5D707007752D0 /* MJExtension.h */ = {isa = PBXFileReference; fileEncoding = 4; lastKnownFileType = sourcecode.c.h; path = MJExtension.h; sourceTree = "<group>"; };
		04FFACB51DE5D707007752D0 /* MJIvar.h */ = {isa = PBXFileReference; fileEncoding = 4; lastKnownFileType = sourcecode.c.h; path = MJIvar.h; sourceTree = "<group>"; };
		04FFACB61DE5D707007752D0 /* MJIvar.m */ = {isa = PBXFileReference; fileEncoding = 4; lastKnownFileType = sourcecode.c.objc; path = MJIvar.m; sourceTree = "<group>"; };
		04FFACB71DE5D707007752D0 /* MJMember.h */ = {isa = PBXFileReference; fileEncoding = 4; lastKnownFileType = sourcecode.c.h; path = MJMember.h; sourceTree = "<group>"; };
		04FFACB81DE5D707007752D0 /* MJMember.m */ = {isa = PBXFileReference; fileEncoding = 4; lastKnownFileType = sourcecode.c.objc; path = MJMember.m; sourceTree = "<group>"; };
		04FFACB91DE5D707007752D0 /* MJMethod.h */ = {isa = PBXFileReference; fileEncoding = 4; lastKnownFileType = sourcecode.c.h; path = MJMethod.h; sourceTree = "<group>"; };
		04FFACBA1DE5D707007752D0 /* MJMethod.m */ = {isa = PBXFileReference; fileEncoding = 4; lastKnownFileType = sourcecode.c.objc; path = MJMethod.m; sourceTree = "<group>"; };
		04FFACBB1DE5D707007752D0 /* MJType.h */ = {isa = PBXFileReference; fileEncoding = 4; lastKnownFileType = sourcecode.c.h; path = MJType.h; sourceTree = "<group>"; };
		04FFACBC1DE5D707007752D0 /* MJType.m */ = {isa = PBXFileReference; fileEncoding = 4; lastKnownFileType = sourcecode.c.objc; path = MJType.m; sourceTree = "<group>"; };
		04FFACBD1DE5D707007752D0 /* MJTypeEncoding.h */ = {isa = PBXFileReference; fileEncoding = 4; lastKnownFileType = sourcecode.c.h; path = MJTypeEncoding.h; sourceTree = "<group>"; };
		04FFACBE1DE5D707007752D0 /* MJTypeEncoding.m */ = {isa = PBXFileReference; fileEncoding = 4; lastKnownFileType = sourcecode.c.objc; path = MJTypeEncoding.m; sourceTree = "<group>"; };
		04FFACBF1DE5D707007752D0 /* NSObject+MJCoding.h */ = {isa = PBXFileReference; fileEncoding = 4; lastKnownFileType = sourcecode.c.h; path = "NSObject+MJCoding.h"; sourceTree = "<group>"; };
		04FFACC01DE5D707007752D0 /* NSObject+MJCoding.m */ = {isa = PBXFileReference; fileEncoding = 4; lastKnownFileType = sourcecode.c.objc; path = "NSObject+MJCoding.m"; sourceTree = "<group>"; };
		04FFACC11DE5D707007752D0 /* NSObject+MJKeyValue.h */ = {isa = PBXFileReference; fileEncoding = 4; lastKnownFileType = sourcecode.c.h; path = "NSObject+MJKeyValue.h"; sourceTree = "<group>"; };
		04FFACC21DE5D707007752D0 /* NSObject+MJKeyValue.m */ = {isa = PBXFileReference; fileEncoding = 4; lastKnownFileType = sourcecode.c.objc; path = "NSObject+MJKeyValue.m"; sourceTree = "<group>"; };
		04FFACC31DE5D707007752D0 /* NSObject+MJMember.h */ = {isa = PBXFileReference; fileEncoding = 4; lastKnownFileType = sourcecode.c.h; path = "NSObject+MJMember.h"; sourceTree = "<group>"; };
		04FFACC41DE5D707007752D0 /* NSObject+MJMember.m */ = {isa = PBXFileReference; fileEncoding = 4; lastKnownFileType = sourcecode.c.objc; path = "NSObject+MJMember.m"; sourceTree = "<group>"; };
		04FFACCE1DE679EB007752D0 /* NetRequestClass+Recommend.h */ = {isa = PBXFileReference; fileEncoding = 4; lastKnownFileType = sourcecode.c.h; path = "NetRequestClass+Recommend.h"; sourceTree = "<group>"; };
		04FFACCF1DE679EB007752D0 /* NetRequestClass+Recommend.m */ = {isa = PBXFileReference; fileEncoding = 4; lastKnownFileType = sourcecode.c.objc; path = "NetRequestClass+Recommend.m"; sourceTree = "<group>"; };
		04FFACD21DE681F5007752D0 /* MKAnnotationView+WebCache.h */ = {isa = PBXFileReference; fileEncoding = 4; lastKnownFileType = sourcecode.c.h; path = "MKAnnotationView+WebCache.h"; sourceTree = "<group>"; };
		04FFACD31DE681F5007752D0 /* MKAnnotationView+WebCache.m */ = {isa = PBXFileReference; fileEncoding = 4; lastKnownFileType = sourcecode.c.objc; path = "MKAnnotationView+WebCache.m"; sourceTree = "<group>"; };
		04FFACD41DE681F5007752D0 /* NSData+ImageContentType.h */ = {isa = PBXFileReference; fileEncoding = 4; lastKnownFileType = sourcecode.c.h; path = "NSData+ImageContentType.h"; sourceTree = "<group>"; };
		04FFACD51DE681F5007752D0 /* NSData+ImageContentType.m */ = {isa = PBXFileReference; fileEncoding = 4; lastKnownFileType = sourcecode.c.objc; path = "NSData+ImageContentType.m"; sourceTree = "<group>"; };
		04FFACD61DE681F5007752D0 /* SDImageCache.h */ = {isa = PBXFileReference; fileEncoding = 4; lastKnownFileType = sourcecode.c.h; path = SDImageCache.h; sourceTree = "<group>"; };
		04FFACD71DE681F5007752D0 /* SDImageCache.m */ = {isa = PBXFileReference; fileEncoding = 4; lastKnownFileType = sourcecode.c.objc; path = SDImageCache.m; sourceTree = "<group>"; };
		04FFACD81DE681F5007752D0 /* SDWebImageCompat.h */ = {isa = PBXFileReference; fileEncoding = 4; lastKnownFileType = sourcecode.c.h; path = SDWebImageCompat.h; sourceTree = "<group>"; };
		04FFACD91DE681F5007752D0 /* SDWebImageCompat.m */ = {isa = PBXFileReference; fileEncoding = 4; lastKnownFileType = sourcecode.c.objc; path = SDWebImageCompat.m; sourceTree = "<group>"; };
		04FFACDA1DE681F5007752D0 /* SDWebImageDecoder.h */ = {isa = PBXFileReference; fileEncoding = 4; lastKnownFileType = sourcecode.c.h; path = SDWebImageDecoder.h; sourceTree = "<group>"; };
		04FFACDB1DE681F5007752D0 /* SDWebImageDecoder.m */ = {isa = PBXFileReference; fileEncoding = 4; lastKnownFileType = sourcecode.c.objc; path = SDWebImageDecoder.m; sourceTree = "<group>"; };
		04FFACDC1DE681F5007752D0 /* SDWebImageDownloader.h */ = {isa = PBXFileReference; fileEncoding = 4; lastKnownFileType = sourcecode.c.h; path = SDWebImageDownloader.h; sourceTree = "<group>"; };
		04FFACDD1DE681F5007752D0 /* SDWebImageDownloader.m */ = {isa = PBXFileReference; fileEncoding = 4; lastKnownFileType = sourcecode.c.objc; path = SDWebImageDownloader.m; sourceTree = "<group>"; };
		04FFACDE1DE681F5007752D0 /* SDWebImageDownloaderOperation.h */ = {isa = PBXFileReference; fileEncoding = 4; lastKnownFileType = sourcecode.c.h; path = SDWebImageDownloaderOperation.h; sourceTree = "<group>"; };
		04FFACDF1DE681F5007752D0 /* SDWebImageDownloaderOperation.m */ = {isa = PBXFileReference; fileEncoding = 4; lastKnownFileType = sourcecode.c.objc; path = SDWebImageDownloaderOperation.m; sourceTree = "<group>"; };
		04FFACE01DE681F5007752D0 /* SDWebImageManager.h */ = {isa = PBXFileReference; fileEncoding = 4; lastKnownFileType = sourcecode.c.h; path = SDWebImageManager.h; sourceTree = "<group>"; };
		04FFACE11DE681F5007752D0 /* SDWebImageManager.m */ = {isa = PBXFileReference; fileEncoding = 4; lastKnownFileType = sourcecode.c.objc; path = SDWebImageManager.m; sourceTree = "<group>"; };
		04FFACE21DE681F5007752D0 /* SDWebImageOperation.h */ = {isa = PBXFileReference; fileEncoding = 4; lastKnownFileType = sourcecode.c.h; path = SDWebImageOperation.h; sourceTree = "<group>"; };
		04FFACE31DE681F5007752D0 /* SDWebImagePrefetcher.h */ = {isa = PBXFileReference; fileEncoding = 4; lastKnownFileType = sourcecode.c.h; path = SDWebImagePrefetcher.h; sourceTree = "<group>"; };
		04FFACE41DE681F5007752D0 /* SDWebImagePrefetcher.m */ = {isa = PBXFileReference; fileEncoding = 4; lastKnownFileType = sourcecode.c.objc; path = SDWebImagePrefetcher.m; sourceTree = "<group>"; };
		04FFACE51DE681F5007752D0 /* UIButton+WebCache.h */ = {isa = PBXFileReference; fileEncoding = 4; lastKnownFileType = sourcecode.c.h; path = "UIButton+WebCache.h"; sourceTree = "<group>"; };
		04FFACE61DE681F5007752D0 /* UIButton+WebCache.m */ = {isa = PBXFileReference; fileEncoding = 4; lastKnownFileType = sourcecode.c.objc; path = "UIButton+WebCache.m"; sourceTree = "<group>"; };
		04FFACE71DE681F5007752D0 /* UIImage+GIF.h */ = {isa = PBXFileReference; fileEncoding = 4; lastKnownFileType = sourcecode.c.h; path = "UIImage+GIF.h"; sourceTree = "<group>"; };
		04FFACE81DE681F5007752D0 /* UIImage+GIF.m */ = {isa = PBXFileReference; fileEncoding = 4; lastKnownFileType = sourcecode.c.objc; path = "UIImage+GIF.m"; sourceTree = "<group>"; };
		04FFACE91DE681F5007752D0 /* UIImage+MultiFormat.h */ = {isa = PBXFileReference; fileEncoding = 4; lastKnownFileType = sourcecode.c.h; path = "UIImage+MultiFormat.h"; sourceTree = "<group>"; };
		04FFACEA1DE681F5007752D0 /* UIImage+MultiFormat.m */ = {isa = PBXFileReference; fileEncoding = 4; lastKnownFileType = sourcecode.c.objc; path = "UIImage+MultiFormat.m"; sourceTree = "<group>"; };
		04FFACEB1DE681F5007752D0 /* UIImage+WebP.h */ = {isa = PBXFileReference; fileEncoding = 4; lastKnownFileType = sourcecode.c.h; path = "UIImage+WebP.h"; sourceTree = "<group>"; };
		04FFACEC1DE681F5007752D0 /* UIImage+WebP.m */ = {isa = PBXFileReference; fileEncoding = 4; lastKnownFileType = sourcecode.c.objc; path = "UIImage+WebP.m"; sourceTree = "<group>"; };
		04FFACED1DE681F5007752D0 /* UIImageView+HighlightedWebCache.h */ = {isa = PBXFileReference; fileEncoding = 4; lastKnownFileType = sourcecode.c.h; path = "UIImageView+HighlightedWebCache.h"; sourceTree = "<group>"; };
		04FFACEE1DE681F5007752D0 /* UIImageView+HighlightedWebCache.m */ = {isa = PBXFileReference; fileEncoding = 4; lastKnownFileType = sourcecode.c.objc; path = "UIImageView+HighlightedWebCache.m"; sourceTree = "<group>"; };
		04FFACEF1DE681F5007752D0 /* UIImageView+WebCache.h */ = {isa = PBXFileReference; fileEncoding = 4; lastKnownFileType = sourcecode.c.h; path = "UIImageView+WebCache.h"; sourceTree = "<group>"; };
		04FFACF01DE681F5007752D0 /* UIImageView+WebCache.m */ = {isa = PBXFileReference; fileEncoding = 4; lastKnownFileType = sourcecode.c.objc; path = "UIImageView+WebCache.m"; sourceTree = "<group>"; };
		04FFACF11DE681F5007752D0 /* UIView+WebCacheOperation.h */ = {isa = PBXFileReference; fileEncoding = 4; lastKnownFileType = sourcecode.c.h; path = "UIView+WebCacheOperation.h"; sourceTree = "<group>"; };
		04FFACF21DE681F5007752D0 /* UIView+WebCacheOperation.m */ = {isa = PBXFileReference; fileEncoding = 4; lastKnownFileType = sourcecode.c.objc; path = "UIView+WebCacheOperation.m"; sourceTree = "<group>"; };
		04FFAD031DE686EF007752D0 /* StarVideoList.h */ = {isa = PBXFileReference; fileEncoding = 4; lastKnownFileType = sourcecode.c.h; path = StarVideoList.h; sourceTree = "<group>"; };
		04FFAD041DE686EF007752D0 /* StarVideoList.m */ = {isa = PBXFileReference; fileEncoding = 4; lastKnownFileType = sourcecode.c.objc; path = StarVideoList.m; sourceTree = "<group>"; };
		04FFAD061DE68708007752D0 /* StarVideoInfo.h */ = {isa = PBXFileReference; fileEncoding = 4; lastKnownFileType = sourcecode.c.h; path = StarVideoInfo.h; sourceTree = "<group>"; };
		04FFAD071DE68708007752D0 /* StarVideoInfo.m */ = {isa = PBXFileReference; fileEncoding = 4; lastKnownFileType = sourcecode.c.objc; path = StarVideoInfo.m; sourceTree = "<group>"; };
		04FFAD091DE69AC5007752D0 /* StarVideoDy.h */ = {isa = PBXFileReference; fileEncoding = 4; lastKnownFileType = sourcecode.c.h; path = StarVideoDy.h; sourceTree = "<group>"; };
		04FFAD0A1DE69AC6007752D0 /* StarVideoDy.m */ = {isa = PBXFileReference; fileEncoding = 4; lastKnownFileType = sourcecode.c.objc; path = StarVideoDy.m; sourceTree = "<group>"; };
		04FFAD0C1DE69B3A007752D0 /* StarVideoDyInfo.h */ = {isa = PBXFileReference; fileEncoding = 4; lastKnownFileType = sourcecode.c.h; path = StarVideoDyInfo.h; sourceTree = "<group>"; };
		04FFAD0D1DE69B3A007752D0 /* StarVideoDyInfo.m */ = {isa = PBXFileReference; fileEncoding = 4; lastKnownFileType = sourcecode.c.objc; path = StarVideoDyInfo.m; sourceTree = "<group>"; };
		04FFAD0F1DE6B1CA007752D0 /* HjInfo.h */ = {isa = PBXFileReference; fileEncoding = 4; lastKnownFileType = sourcecode.c.h; path = HjInfo.h; sourceTree = "<group>"; };
		04FFAD101DE6B1CA007752D0 /* HjInfo.m */ = {isa = PBXFileReference; fileEncoding = 4; lastKnownFileType = sourcecode.c.objc; path = HjInfo.m; sourceTree = "<group>"; };
		04FFAD121DE6B25D007752D0 /* HjInfoSeries.h */ = {isa = PBXFileReference; fileEncoding = 4; lastKnownFileType = sourcecode.c.h; path = HjInfoSeries.h; sourceTree = "<group>"; };
		04FFAD131DE6B25D007752D0 /* HjInfoSeries.m */ = {isa = PBXFileReference; fileEncoding = 4; lastKnownFileType = sourcecode.c.objc; path = HjInfoSeries.m; sourceTree = "<group>"; };
		04FFAD151DE6B2FC007752D0 /* HjInfoPlayInfo.h */ = {isa = PBXFileReference; fileEncoding = 4; lastKnownFileType = sourcecode.c.h; path = HjInfoPlayInfo.h; sourceTree = "<group>"; };
		04FFAD161DE6B2FC007752D0 /* HjInfoPlayInfo.m */ = {isa = PBXFileReference; fileEncoding = 4; lastKnownFileType = sourcecode.c.objc; path = HjInfoPlayInfo.m; sourceTree = "<group>"; };
		04FFAD221DE7EC88007752D0 /* StarDetailViewController.h */ = {isa = PBXFileReference; fileEncoding = 4; lastKnownFileType = sourcecode.c.h; path = StarDetailViewController.h; sourceTree = "<group>"; };
		04FFAD231DE7EC88007752D0 /* StarDetailViewController.m */ = {isa = PBXFileReference; fileEncoding = 4; lastKnownFileType = sourcecode.c.objc; path = StarDetailViewController.m; sourceTree = "<group>"; };
		04FFAD241DE7EC88007752D0 /* StarDetailViewController.xib */ = {isa = PBXFileReference; fileEncoding = 4; lastKnownFileType = file.xib; path = StarDetailViewController.xib; sourceTree = "<group>"; };
		04FFAD271DE7ECA3007752D0 /* MoreDetailViewController.h */ = {isa = PBXFileReference; fileEncoding = 4; lastKnownFileType = sourcecode.c.h; path = MoreDetailViewController.h; sourceTree = "<group>"; };
		04FFAD281DE7ECA3007752D0 /* MoreDetailViewController.m */ = {isa = PBXFileReference; fileEncoding = 4; lastKnownFileType = sourcecode.c.objc; path = MoreDetailViewController.m; sourceTree = "<group>"; };
		04FFAD291DE7ECA4007752D0 /* MoreDetailViewController.xib */ = {isa = PBXFileReference; fileEncoding = 4; lastKnownFileType = file.xib; path = MoreDetailViewController.xib; sourceTree = "<group>"; };
		04FFAD2C1DE7F41A007752D0 /* ZFirstViewController.h */ = {isa = PBXFileReference; fileEncoding = 4; lastKnownFileType = sourcecode.c.h; path = ZFirstViewController.h; sourceTree = "<group>"; };
		04FFAD2D1DE7F41A007752D0 /* ZFirstViewController.m */ = {isa = PBXFileReference; fileEncoding = 4; lastKnownFileType = sourcecode.c.objc; path = ZFirstViewController.m; sourceTree = "<group>"; };
		04FFAD2E1DE7F41A007752D0 /* ZFirstViewController.xib */ = {isa = PBXFileReference; fileEncoding = 4; lastKnownFileType = file.xib; path = ZFirstViewController.xib; sourceTree = "<group>"; };
		04FFAD2F1DE7F41A007752D0 /* ZjViewController.h */ = {isa = PBXFileReference; fileEncoding = 4; lastKnownFileType = sourcecode.c.h; path = ZjViewController.h; sourceTree = "<group>"; };
		04FFAD301DE7F41A007752D0 /* ZjViewController.m */ = {isa = PBXFileReference; fileEncoding = 4; lastKnownFileType = sourcecode.c.objc; path = ZjViewController.m; sourceTree = "<group>"; };
		04FFAD311DE7F41A007752D0 /* ZSecondViewController.h */ = {isa = PBXFileReference; fileEncoding = 4; lastKnownFileType = sourcecode.c.h; path = ZSecondViewController.h; sourceTree = "<group>"; };
		04FFAD321DE7F41A007752D0 /* ZSecondViewController.m */ = {isa = PBXFileReference; fileEncoding = 4; lastKnownFileType = sourcecode.c.objc; path = ZSecondViewController.m; sourceTree = "<group>"; };
		04FFAD331DE7F41A007752D0 /* ZSecondViewController.xib */ = {isa = PBXFileReference; fileEncoding = 4; lastKnownFileType = file.xib; path = ZSecondViewController.xib; sourceTree = "<group>"; };
		04FFAD391DE7F4EF007752D0 /* ForumViewController .m */ = {isa = PBXFileReference; fileEncoding = 4; lastKnownFileType = sourcecode.c.objc; path = "ForumViewController .m"; sourceTree = "<group>"; };
		04FFAD3A1DE7F4EF007752D0 /* ForumViewController.h */ = {isa = PBXFileReference; fileEncoding = 4; lastKnownFileType = sourcecode.c.h; path = ForumViewController.h; sourceTree = "<group>"; };
		04FFAD3B1DE7F4EF007752D0 /* MovieViewController.h */ = {isa = PBXFileReference; fileEncoding = 4; lastKnownFileType = sourcecode.c.h; path = MovieViewController.h; sourceTree = "<group>"; };
		04FFAD3C1DE7F4EF007752D0 /* MovieViewController.m */ = {isa = PBXFileReference; fileEncoding = 4; lastKnownFileType = sourcecode.c.objc; path = MovieViewController.m; sourceTree = "<group>"; };
		04FFAD3D1DE7F4EF007752D0 /* MovieViewController.storyboard */ = {isa = PBXFileReference; fileEncoding = 4; lastKnownFileType = file.storyboard; path = MovieViewController.storyboard; sourceTree = "<group>"; };
		04FFAD3E1DE7F4EF007752D0 /* ReadMe.rtf */ = {isa = PBXFileReference; fileEncoding = 4; lastKnownFileType = text.rtf; path = ReadMe.rtf; sourceTree = "<group>"; };
		04FFAD3F1DE7F4EF007752D0 /* SearchViewController.h */ = {isa = PBXFileReference; fileEncoding = 4; lastKnownFileType = sourcecode.c.h; path = SearchViewController.h; sourceTree = "<group>"; };
		04FFAD401DE7F4EF007752D0 /* SearchViewController.m */ = {isa = PBXFileReference; fileEncoding = 4; lastKnownFileType = sourcecode.c.objc; path = SearchViewController.m; sourceTree = "<group>"; };
		04FFAD411DE7F4EF007752D0 /* VarietyTableViewCell.h */ = {isa = PBXFileReference; fileEncoding = 4; lastKnownFileType = sourcecode.c.h; path = VarietyTableViewCell.h; sourceTree = "<group>"; };
		04FFAD421DE7F4EF007752D0 /* VarietyTableViewCell.m */ = {isa = PBXFileReference; fileEncoding = 4; lastKnownFileType = sourcecode.c.objc; path = VarietyTableViewCell.m; sourceTree = "<group>"; };
		04FFAD431DE7F4EF007752D0 /* VarietyViewController.h */ = {isa = PBXFileReference; fileEncoding = 4; lastKnownFileType = sourcecode.c.h; path = VarietyViewController.h; sourceTree = "<group>"; };
		04FFAD441DE7F4EF007752D0 /* VarietyViewController.m */ = {isa = PBXFileReference; fileEncoding = 4; lastKnownFileType = sourcecode.c.objc; path = VarietyViewController.m; sourceTree = "<group>"; };
		04FFAD451DE7F4EF007752D0 /* VarietyViewController.storyboard */ = {isa = PBXFileReference; fileEncoding = 4; lastKnownFileType = file.storyboard; path = VarietyViewController.storyboard; sourceTree = "<group>"; };
/* End PBXFileReference section */

/* Begin PBXFrameworksBuildPhase section */
		0490BD1C1DE4038E00BE39F7 /* Frameworks */ = {
			isa = PBXFrameworksBuildPhase;
			buildActionMask = 2147483647;
			files = (
			);
			runOnlyForDeploymentPostprocessing = 0;
		};
		0490BD351DE4038F00BE39F7 /* Frameworks */ = {
			isa = PBXFrameworksBuildPhase;
			buildActionMask = 2147483647;
			files = (
			);
			runOnlyForDeploymentPostprocessing = 0;
		};
/* End PBXFrameworksBuildPhase section */

/* Begin PBXGroup section */
		0490BD161DE4038E00BE39F7 = {
			isa = PBXGroup;
			children = (
				0490BD211DE4038E00BE39F7 /* hjtv */,
				0490BD3B1DE4038F00BE39F7 /* hjtvTests */,
				0490BD201DE4038E00BE39F7 /* Products */,
			);
			sourceTree = "<group>";
		};
		0490BD201DE4038E00BE39F7 /* Products */ = {
			isa = PBXGroup;
			children = (
				0490BD1F1DE4038E00BE39F7 /* hjtv.app */,
				0490BD381DE4038F00BE39F7 /* hjtvTests.xctest */,
			);
			name = Products;
			sourceTree = "<group>";
		};
		0490BD211DE4038E00BE39F7 /* hjtv */ = {
			isa = PBXGroup;
			children = (
				04A574461DE54BC3003C9620 /* Vendor */,
				04A5743E1DE54876003C9620 /* Config */,
				04A5743D1DE5486F003C9620 /* RequestNet */,
				04A5743C1DE54867003C9620 /* Category */,
				0490BD581DE406D800BE39F7 /* LoginAndRegister */,
				0490BD501DE406CD00BE39F7 /* Recommend */,
				0490BD4C1DE406C700BE39F7 /* Find */,
				0490BD481DE406C700BE39F7 /* BingeWatch */,
				0490BD561DE406CD00BE39F7 /* Resources */,
				0490BD221DE4038E00BE39F7 /* Supporting Files */,
			);
			path = hjtv;
			sourceTree = "<group>";
		};
		0490BD221DE4038E00BE39F7 /* Supporting Files */ = {
			isa = PBXGroup;
			children = (
				04FFACA91DE5B539007752D0 /* 1.mp4 */,
				0490BD261DE4038E00BE39F7 /* AppDelegate.h */,
				0490BD271DE4038E00BE39F7 /* AppDelegate.m */,
				04D3F46F1DE411CA0012753D /* TabBarViewController.h */,
				04D3F4701DE411CA0012753D /* TabBarViewController.m */,
				0490BD231DE4038E00BE39F7 /* Info.plist */,
				0490BD311DE4038E00BE39F7 /* LaunchScreen.xib */,
				0490BD2C1DE4038E00BE39F7 /* Main.storyboard */,
				0490BD241DE4038E00BE39F7 /* main.m */,
				0490BD2F1DE4038E00BE39F7 /* Images.xcassets */,
			);
			name = "Supporting Files";
			sourceTree = "<group>";
		};
		0490BD3B1DE4038F00BE39F7 /* hjtvTests */ = {
			isa = PBXGroup;
			children = (
				0490BD3E1DE4038F00BE39F7 /* hjtvTests.m */,
				0490BD3C1DE4038F00BE39F7 /* Supporting Files */,
			);
			path = hjtvTests;
			sourceTree = "<group>";
		};
		0490BD3C1DE4038F00BE39F7 /* Supporting Files */ = {
			isa = PBXGroup;
			children = (
				0490BD3D1DE4038F00BE39F7 /* Info.plist */,
			);
			name = "Supporting Files";
			sourceTree = "<group>";
		};
		0490BD481DE406C700BE39F7 /* BingeWatch */ = {
			isa = PBXGroup;
			children = (
				0490BD491DE406C700BE39F7 /* ControllerBW */,
				0490BD4A1DE406C700BE39F7 /* ModelBW */,
				0490BD4B1DE406C700BE39F7 /* ViewBW */,
			);
			path = BingeWatch;
			sourceTree = "<group>";
		};
		0490BD491DE406C700BE39F7 /* ControllerBW */ = {
			isa = PBXGroup;
			children = (
				04FFAD2C1DE7F41A007752D0 /* ZFirstViewController.h */,
				04FFAD2D1DE7F41A007752D0 /* ZFirstViewController.m */,
				04FFAD2E1DE7F41A007752D0 /* ZFirstViewController.xib */,
				04FFAD2F1DE7F41A007752D0 /* ZjViewController.h */,
				04FFAD301DE7F41A007752D0 /* ZjViewController.m */,
				04FFAD311DE7F41A007752D0 /* ZSecondViewController.h */,
				04FFAD321DE7F41A007752D0 /* ZSecondViewController.m */,
				04FFAD331DE7F41A007752D0 /* ZSecondViewController.xib */,
			);
			path = ControllerBW;
			sourceTree = "<group>";
		};
		0490BD4A1DE406C700BE39F7 /* ModelBW */ = {
			isa = PBXGroup;
			children = (
			);
			path = ModelBW;
			sourceTree = "<group>";
		};
		0490BD4B1DE406C700BE39F7 /* ViewBW */ = {
			isa = PBXGroup;
			children = (
			);
			path = ViewBW;
			sourceTree = "<group>";
		};
		0490BD4C1DE406C700BE39F7 /* Find */ = {
			isa = PBXGroup;
			children = (
				0490BD4D1DE406C700BE39F7 /* ControllerF */,
				0490BD4E1DE406C700BE39F7 /* ModelF */,
				0490BD4F1DE406C700BE39F7 /* ViewF */,
			);
			path = Find;
			sourceTree = "<group>";
		};
		0490BD4D1DE406C700BE39F7 /* ControllerF */ = {
			isa = PBXGroup;
			children = (
				04FFAD391DE7F4EF007752D0 /* ForumViewController .m */,
				04FFAD3A1DE7F4EF007752D0 /* ForumViewController.h */,
				04FFAD3B1DE7F4EF007752D0 /* MovieViewController.h */,
				04FFAD3C1DE7F4EF007752D0 /* MovieViewController.m */,
				04FFAD3D1DE7F4EF007752D0 /* MovieViewController.storyboard */,
				04FFAD3E1DE7F4EF007752D0 /* ReadMe.rtf */,
				04FFAD3F1DE7F4EF007752D0 /* SearchViewController.h */,
				04FFAD401DE7F4EF007752D0 /* SearchViewController.m */,
				04FFAD411DE7F4EF007752D0 /* VarietyTableViewCell.h */,
				04FFAD421DE7F4EF007752D0 /* VarietyTableViewCell.m */,
				04FFAD431DE7F4EF007752D0 /* VarietyViewController.h */,
				04FFAD441DE7F4EF007752D0 /* VarietyViewController.m */,
				04FFAD451DE7F4EF007752D0 /* VarietyViewController.storyboard */,
			);
			path = ControllerF;
			sourceTree = "<group>";
		};
		0490BD4E1DE406C700BE39F7 /* ModelF */ = {
			isa = PBXGroup;
			children = (
			);
			path = ModelF;
			sourceTree = "<group>";
		};
		0490BD4F1DE406C700BE39F7 /* ViewF */ = {
			isa = PBXGroup;
			children = (
			);
			path = ViewF;
			sourceTree = "<group>";
		};
		0490BD501DE406CD00BE39F7 /* Recommend */ = {
			isa = PBXGroup;
			children = (
				0490BD511DE406CD00BE39F7 /* ControllerR */,
				0490BD541DE406CD00BE39F7 /* ModelR */,
				0490BD551DE406CD00BE39F7 /* ViewR */,
			);
			path = Recommend;
			sourceTree = "<group>";
		};
		0490BD511DE406CD00BE39F7 /* ControllerR */ = {
			isa = PBXGroup;
			children = (
				0490BD521DE406CD00BE39F7 /* RMainViewController.h */,
				0490BD531DE406CD00BE39F7 /* RMainViewController.m */,
				04A574141DE43646003C9620 /* RFirstViewController.h */,
				04A574151DE43647003C9620 /* RFirstViewController.m */,
				04A574161DE43647003C9620 /* RFirstViewController.xib */,
				04A574191DE43658003C9620 /* RSecondViewController.h */,
				04A5741A1DE43658003C9620 /* RSecondViewController.m */,
				04A5741B1DE43658003C9620 /* RSecondViewController.xib */,
				04A574321DE5450B003C9620 /* RDetailViewController.h */,
				04A574341DE5450B003C9620 /* RDetailViewController.xib */,
				04A574331DE5450B003C9620 /* RDetailViewController.m */,
				04FFAC9A1DE5A081007752D0 /* RSFirstViewController.h */,
				04FFAC9B1DE5A081007752D0 /* RSFirstViewController.m */,
				04FFAC9C1DE5A081007752D0 /* RSFirstViewController.xib */,
				04FFAC9F1DE5A098007752D0 /* RSSecondViewController.h */,
				04FFACA01DE5A098007752D0 /* RSSecondViewController.m */,
				04FFACA11DE5A098007752D0 /* RSSecondViewController.xib */,
				04FFACA41DE5A0A9007752D0 /* RSThreeViewController.h */,
				04FFACA51DE5A0A9007752D0 /* RSThreeViewController.m */,
				04FFACA61DE5A0A9007752D0 /* RSThreeViewController.xib */,
				04A574371DE5452A003C9620 /* RPlayViewController.h */,
				04A574381DE5452A003C9620 /* RPlayViewController.m */,
				04A574391DE5452A003C9620 /* RPlayViewController.xib */,
				04FFAD221DE7EC88007752D0 /* StarDetailViewController.h */,
				04FFAD231DE7EC88007752D0 /* StarDetailViewController.m */,
				04FFAD241DE7EC88007752D0 /* StarDetailViewController.xib */,
				04FFAD271DE7ECA3007752D0 /* MoreDetailViewController.h */,
				04FFAD281DE7ECA3007752D0 /* MoreDetailViewController.m */,
				04FFAD291DE7ECA4007752D0 /* MoreDetailViewController.xib */,
			);
			path = ControllerR;
			sourceTree = "<group>";
		};
		0490BD541DE406CD00BE39F7 /* ModelR */ = {
			isa = PBXGroup;
			children = (
				04FFACAB1DE5CFDA007752D0 /* HjVideoList.h */,
				04FFACAC1DE5CFDA007752D0 /* HjVideoList.m */,
				04FFACAE1DE5D2E6007752D0 /* HjVideoInfo.h */,
				04FFACAF1DE5D2E6007752D0 /* HjVideoInfo.m */,
				04FFAD031DE686EF007752D0 /* StarVideoList.h */,
				04FFAD041DE686EF007752D0 /* StarVideoList.m */,
				04FFAD061DE68708007752D0 /* StarVideoInfo.h */,
				04FFAD071DE68708007752D0 /* StarVideoInfo.m */,
				04FFAD091DE69AC5007752D0 /* StarVideoDy.h */,
				04FFAD0A1DE69AC6007752D0 /* StarVideoDy.m */,
				04FFAD0C1DE69B3A007752D0 /* StarVideoDyInfo.h */,
				04FFAD0D1DE69B3A007752D0 /* StarVideoDyInfo.m */,
				04FFAD0F1DE6B1CA007752D0 /* HjInfo.h */,
				04FFAD101DE6B1CA007752D0 /* HjInfo.m */,
				04FFAD121DE6B25D007752D0 /* HjInfoSeries.h */,
				04FFAD131DE6B25D007752D0 /* HjInfoSeries.m */,
				04FFAD151DE6B2FC007752D0 /* HjInfoPlayInfo.h */,
				04FFAD161DE6B2FC007752D0 /* HjInfoPlayInfo.m */,
			);
			path = ModelR;
			sourceTree = "<group>";
		};
		0490BD551DE406CD00BE39F7 /* ViewR */ = {
			isa = PBXGroup;
			children = (
				04A5741E1DE4482B003C9620 /* RCollectionViewCell.h */,
				04A5741F1DE4482B003C9620 /* RCollectionViewCell.m */,
				04A574201DE4482B003C9620 /* RCollectionViewCell.xib */,
				04A574231DE475E0003C9620 /* RCollectionHeaderViewCollectionReusableView.h */,
				04A574241DE475E0003C9620 /* RCollectionHeaderViewCollectionReusableView.m */,
				04A574251DE475E0003C9620 /* RCollectionHeaderViewCollectionReusableView.xib */,
				04A574281DE4790F003C9620 /* RCollectionViewTwoCell.h */,
				04A574291DE4790F003C9620 /* RCollectionViewTwoCell.m */,
				04A5742A1DE4790F003C9620 /* RCollectionViewTwoCell.xib */,
				04A5742D1DE47920003C9620 /* RCollectionViewThreeCell.h */,
				04A5742E1DE47920003C9620 /* RCollectionViewThreeCell.m */,
				04A5742F1DE47920003C9620 /* RCollectionViewThreeCell.xib */,
			);
			path = ViewR;
			sourceTree = "<group>";
		};
		0490BD561DE406CD00BE39F7 /* Resources */ = {
			isa = PBXGroup;
			children = (
			);
			path = Resources;
			sourceTree = "<group>";
		};
		0490BD581DE406D800BE39F7 /* LoginAndRegister */ = {
			isa = PBXGroup;
			children = (
				0490BD591DE406D800BE39F7 /* ControllerLAR */,
				0490BD5A1DE406D800BE39F7 /* ModelLAR */,
				0490BD5B1DE406D800BE39F7 /* ViewLAR */,
			);
			path = LoginAndRegister;
			sourceTree = "<group>";
		};
		0490BD591DE406D800BE39F7 /* ControllerLAR */ = {
			isa = PBXGroup;
			children = (
			);
			path = ControllerLAR;
			sourceTree = "<group>";
		};
		0490BD5A1DE406D800BE39F7 /* ModelLAR */ = {
			isa = PBXGroup;
			children = (
			);
			path = ModelLAR;
			sourceTree = "<group>";
		};
		0490BD5B1DE406D800BE39F7 /* ViewLAR */ = {
			isa = PBXGroup;
			children = (
			);
			path = ViewLAR;
			sourceTree = "<group>";
		};
		04A5743C1DE54867003C9620 /* Category */ = {
			isa = PBXGroup;
			children = (
			);
			path = Category;
			sourceTree = "<group>";
		};
		04A5743D1DE5486F003C9620 /* RequestNet */ = {
			isa = PBXGroup;
			children = (
				04A5743F1DE54965003C9620 /* NetRequestClass.h */,
				04A574401DE54965003C9620 /* NetRequestClass.m */,
				04FFACCE1DE679EB007752D0 /* NetRequestClass+Recommend.h */,
				04FFACCF1DE679EB007752D0 /* NetRequestClass+Recommend.m */,
			);
			path = RequestNet;
			sourceTree = "<group>";
		};
		04A5743E1DE54876003C9620 /* Config */ = {
			isa = PBXGroup;
			children = (
				04A574441DE54A49003C9620 /* Config.h */,
				04A574451DE54A49003C9620 /* PrefixHeader.pch */,
			);
			name = Config;
			path = Macro;
			sourceTree = "<group>";
		};
		04A574461DE54BC3003C9620 /* Vendor */ = {
			isa = PBXGroup;
			children = (
				04FFACD11DE681F5007752D0 /* SDWebImage */,
				04FFACB11DE5D707007752D0 /* MJExtension */,
				04A574641DE54BD9003C9620 /* UIKit+AFNetworking */,
				04A574471DE54BD5003C9620 /* AFNetworking */,
			);
			path = Vendor;
			sourceTree = "<group>";
		};
		04A574471DE54BD5003C9620 /* AFNetworking */ = {
			isa = PBXGroup;
			children = (
				04A574481DE54BD5003C9620 /* AFHTTPRequestOperation.h */,
				04A574491DE54BD5003C9620 /* AFHTTPRequestOperation.m */,
				04A5744A1DE54BD5003C9620 /* AFHTTPRequestOperationManager.h */,
				04A5744B1DE54BD5003C9620 /* AFHTTPRequestOperationManager.m */,
				04A5744C1DE54BD5003C9620 /* AFHTTPSessionManager.h */,
				04A5744D1DE54BD5003C9620 /* AFHTTPSessionManager.m */,
				04A5744E1DE54BD5003C9620 /* AFNetworking.h */,
				04A5744F1DE54BD5003C9620 /* AFNetworkReachabilityManager.h */,
				04A574501DE54BD5003C9620 /* AFNetworkReachabilityManager.m */,
				04A574511DE54BD5003C9620 /* AFSecurityPolicy.h */,
				04A574521DE54BD5003C9620 /* AFSecurityPolicy.m */,
				04A574531DE54BD5003C9620 /* AFURLConnectionOperation.h */,
				04A574541DE54BD5003C9620 /* AFURLConnectionOperation.m */,
				04A574551DE54BD5003C9620 /* AFURLRequestSerialization.h */,
				04A574561DE54BD5003C9620 /* AFURLRequestSerialization.m */,
				04A574571DE54BD5003C9620 /* AFURLResponseSerialization.h */,
				04A574581DE54BD5003C9620 /* AFURLResponseSerialization.m */,
				04A574591DE54BD5003C9620 /* AFURLSessionManager.h */,
				04A5745A1DE54BD5003C9620 /* AFURLSessionManager.m */,
			);
			path = AFNetworking;
			sourceTree = "<group>";
		};
		04A574641DE54BD9003C9620 /* UIKit+AFNetworking */ = {
			isa = PBXGroup;
			children = (
				04A574651DE54BD9003C9620 /* AFNetworkActivityIndicatorManager.h */,
				04A574661DE54BD9003C9620 /* AFNetworkActivityIndicatorManager.m */,
				04A574671DE54BD9003C9620 /* UIActivityIndicatorView+AFNetworking.h */,
				04A574681DE54BD9003C9620 /* UIActivityIndicatorView+AFNetworking.m */,
				04A574691DE54BD9003C9620 /* UIAlertView+AFNetworking.h */,
				04A5746A1DE54BD9003C9620 /* UIAlertView+AFNetworking.m */,
				04A5746B1DE54BD9003C9620 /* UIButton+AFNetworking.h */,
				04A5746C1DE54BD9003C9620 /* UIButton+AFNetworking.m */,
				04A5746D1DE54BD9003C9620 /* UIImageView+AFNetworking.h */,
				04A5746E1DE54BD9003C9620 /* UIImageView+AFNetworking.m */,
				04A5746F1DE54BD9003C9620 /* UIKit+AFNetworking.h */,
				04A574701DE54BD9003C9620 /* UIProgressView+AFNetworking.h */,
				04A574711DE54BD9003C9620 /* UIProgressView+AFNetworking.m */,
				04A574721DE54BD9003C9620 /* UIRefreshControl+AFNetworking.h */,
				04A574731DE54BD9003C9620 /* UIRefreshControl+AFNetworking.m */,
				04A574741DE54BD9003C9620 /* UIWebView+AFNetworking.h */,
				04A574751DE54BD9003C9620 /* UIWebView+AFNetworking.m */,
			);
			path = "UIKit+AFNetworking";
			sourceTree = "<group>";
		};
		04FFACB11DE5D707007752D0 /* MJExtension */ = {
			isa = PBXGroup;
			children = (
				04FFACB21DE5D707007752D0 /* MJArgument.h */,
				04FFACB31DE5D707007752D0 /* MJArgument.m */,
				04FFACB41DE5D707007752D0 /* MJExtension.h */,
				04FFACB51DE5D707007752D0 /* MJIvar.h */,
				04FFACB61DE5D707007752D0 /* MJIvar.m */,
				04FFACB71DE5D707007752D0 /* MJMember.h */,
				04FFACB81DE5D707007752D0 /* MJMember.m */,
				04FFACB91DE5D707007752D0 /* MJMethod.h */,
				04FFACBA1DE5D707007752D0 /* MJMethod.m */,
				04FFACBB1DE5D707007752D0 /* MJType.h */,
				04FFACBC1DE5D707007752D0 /* MJType.m */,
				04FFACBD1DE5D707007752D0 /* MJTypeEncoding.h */,
				04FFACBE1DE5D707007752D0 /* MJTypeEncoding.m */,
				04FFACBF1DE5D707007752D0 /* NSObject+MJCoding.h */,
				04FFACC01DE5D707007752D0 /* NSObject+MJCoding.m */,
				04FFACC11DE5D707007752D0 /* NSObject+MJKeyValue.h */,
				04FFACC21DE5D707007752D0 /* NSObject+MJKeyValue.m */,
				04FFACC31DE5D707007752D0 /* NSObject+MJMember.h */,
				04FFACC41DE5D707007752D0 /* NSObject+MJMember.m */,
			);
			path = MJExtension;
			sourceTree = "<group>";
		};
		04FFACD11DE681F5007752D0 /* SDWebImage */ = {
			isa = PBXGroup;
			children = (
				04FFACD21DE681F5007752D0 /* MKAnnotationView+WebCache.h */,
				04FFACD31DE681F5007752D0 /* MKAnnotationView+WebCache.m */,
				04FFACD41DE681F5007752D0 /* NSData+ImageContentType.h */,
				04FFACD51DE681F5007752D0 /* NSData+ImageContentType.m */,
				04FFACD61DE681F5007752D0 /* SDImageCache.h */,
				04FFACD71DE681F5007752D0 /* SDImageCache.m */,
				04FFACD81DE681F5007752D0 /* SDWebImageCompat.h */,
				04FFACD91DE681F5007752D0 /* SDWebImageCompat.m */,
				04FFACDA1DE681F5007752D0 /* SDWebImageDecoder.h */,
				04FFACDB1DE681F5007752D0 /* SDWebImageDecoder.m */,
				04FFACDC1DE681F5007752D0 /* SDWebImageDownloader.h */,
				04FFACDD1DE681F5007752D0 /* SDWebImageDownloader.m */,
				04FFACDE1DE681F5007752D0 /* SDWebImageDownloaderOperation.h */,
				04FFACDF1DE681F5007752D0 /* SDWebImageDownloaderOperation.m */,
				04FFACE01DE681F5007752D0 /* SDWebImageManager.h */,
				04FFACE11DE681F5007752D0 /* SDWebImageManager.m */,
				04FFACE21DE681F5007752D0 /* SDWebImageOperation.h */,
				04FFACE31DE681F5007752D0 /* SDWebImagePrefetcher.h */,
				04FFACE41DE681F5007752D0 /* SDWebImagePrefetcher.m */,
				04FFACE51DE681F5007752D0 /* UIButton+WebCache.h */,
				04FFACE61DE681F5007752D0 /* UIButton+WebCache.m */,
				04FFACE71DE681F5007752D0 /* UIImage+GIF.h */,
				04FFACE81DE681F5007752D0 /* UIImage+GIF.m */,
				04FFACE91DE681F5007752D0 /* UIImage+MultiFormat.h */,
				04FFACEA1DE681F5007752D0 /* UIImage+MultiFormat.m */,
				04FFACEB1DE681F5007752D0 /* UIImage+WebP.h */,
				04FFACEC1DE681F5007752D0 /* UIImage+WebP.m */,
				04FFACED1DE681F5007752D0 /* UIImageView+HighlightedWebCache.h */,
				04FFACEE1DE681F5007752D0 /* UIImageView+HighlightedWebCache.m */,
				04FFACEF1DE681F5007752D0 /* UIImageView+WebCache.h */,
				04FFACF01DE681F5007752D0 /* UIImageView+WebCache.m */,
				04FFACF11DE681F5007752D0 /* UIView+WebCacheOperation.h */,
				04FFACF21DE681F5007752D0 /* UIView+WebCacheOperation.m */,
			);
			path = SDWebImage;
			sourceTree = "<group>";
		};
/* End PBXGroup section */

/* Begin PBXNativeTarget section */
		0490BD1E1DE4038E00BE39F7 /* hjtv */ = {
			isa = PBXNativeTarget;
			buildConfigurationList = 0490BD421DE4038F00BE39F7 /* Build configuration list for PBXNativeTarget "hjtv" */;
			buildPhases = (
				0490BD1B1DE4038E00BE39F7 /* Sources */,
				0490BD1C1DE4038E00BE39F7 /* Frameworks */,
				0490BD1D1DE4038E00BE39F7 /* Resources */,
			);
			buildRules = (
			);
			dependencies = (
			);
			name = hjtv;
			productName = hjtv;
			productReference = 0490BD1F1DE4038E00BE39F7 /* hjtv.app */;
			productType = "com.apple.product-type.application";
		};
		0490BD371DE4038F00BE39F7 /* hjtvTests */ = {
			isa = PBXNativeTarget;
			buildConfigurationList = 0490BD451DE4038F00BE39F7 /* Build configuration list for PBXNativeTarget "hjtvTests" */;
			buildPhases = (
				0490BD341DE4038F00BE39F7 /* Sources */,
				0490BD351DE4038F00BE39F7 /* Frameworks */,
				0490BD361DE4038F00BE39F7 /* Resources */,
			);
			buildRules = (
			);
			dependencies = (
				0490BD3A1DE4038F00BE39F7 /* PBXTargetDependency */,
			);
			name = hjtvTests;
			productName = hjtvTests;
			productReference = 0490BD381DE4038F00BE39F7 /* hjtvTests.xctest */;
			productType = "com.apple.product-type.bundle.unit-test";
		};
/* End PBXNativeTarget section */

/* Begin PBXProject section */
		0490BD171DE4038E00BE39F7 /* Project object */ = {
			isa = PBXProject;
			attributes = {
				LastUpgradeCheck = 0640;
				ORGANIZATIONNAME = "AFNetworking Tet";
				TargetAttributes = {
					0490BD1E1DE4038E00BE39F7 = {
						CreatedOnToolsVersion = 6.4;
					};
					0490BD371DE4038F00BE39F7 = {
						CreatedOnToolsVersion = 6.4;
						TestTargetID = 0490BD1E1DE4038E00BE39F7;
					};
				};
			};
			buildConfigurationList = 0490BD1A1DE4038E00BE39F7 /* Build configuration list for PBXProject "hjtv" */;
			compatibilityVersion = "Xcode 3.2";
			developmentRegion = English;
			hasScannedForEncodings = 0;
			knownRegions = (
				en,
				Base,
			);
			mainGroup = 0490BD161DE4038E00BE39F7;
			productRefGroup = 0490BD201DE4038E00BE39F7 /* Products */;
			projectDirPath = "";
			projectRoot = "";
			targets = (
				0490BD1E1DE4038E00BE39F7 /* hjtv */,
				0490BD371DE4038F00BE39F7 /* hjtvTests */,
			);
		};
/* End PBXProject section */

/* Begin PBXResourcesBuildPhase section */
		0490BD1D1DE4038E00BE39F7 /* Resources */ = {
			isa = PBXResourcesBuildPhase;
			buildActionMask = 2147483647;
			files = (
				04A574311DE47920003C9620 /* RCollectionViewThreeCell.xib in Resources */,
				0490BD2E1DE4038E00BE39F7 /* Main.storyboard in Resources */,
				04A574361DE5450B003C9620 /* RDetailViewController.xib in Resources */,
				04FFAD381DE7F41A007752D0 /* ZSecondViewController.xib in Resources */,
				04A5741D1DE43658003C9620 /* RSecondViewController.xib in Resources */,
				04FFAD2B1DE7ECA4007752D0 /* MoreDetailViewController.xib in Resources */,
				04FFAC9E1DE5A081007752D0 /* RSFirstViewController.xib in Resources */,
				04FFACAA1DE5B539007752D0 /* 1.mp4 in Resources */,
				04FFACA81DE5A0A9007752D0 /* RSThreeViewController.xib in Resources */,
				04A5743B1DE5452A003C9620 /* RPlayViewController.xib in Resources */,
				04FFAD261DE7EC89007752D0 /* StarDetailViewController.xib in Resources */,
				0490BD331DE4038E00BE39F7 /* LaunchScreen.xib in Resources */,
				04FFAD481DE7F4EF007752D0 /* MovieViewController.storyboard in Resources */,
				04A574221DE4482B003C9620 /* RCollectionViewCell.xib in Resources */,
				04A574181DE43647003C9620 /* RFirstViewController.xib in Resources */,
				04FFAD351DE7F41A007752D0 /* ZFirstViewController.xib in Resources */,
				04FFAD4D1DE7F4EF007752D0 /* VarietyViewController.storyboard in Resources */,
				04A574271DE475E0003C9620 /* RCollectionHeaderViewCollectionReusableView.xib in Resources */,
				04A5742C1DE4790F003C9620 /* RCollectionViewTwoCell.xib in Resources */,
				0490BD301DE4038E00BE39F7 /* Images.xcassets in Resources */,
				04FFAD491DE7F4EF007752D0 /* ReadMe.rtf in Resources */,
				04FFACA31DE5A098007752D0 /* RSSecondViewController.xib in Resources */,
			);
			runOnlyForDeploymentPostprocessing = 0;
		};
		0490BD361DE4038F00BE39F7 /* Resources */ = {
			isa = PBXResourcesBuildPhase;
			buildActionMask = 2147483647;
			files = (
			);
			runOnlyForDeploymentPostprocessing = 0;
		};
/* End PBXResourcesBuildPhase section */

/* Begin PBXSourcesBuildPhase section */
		0490BD1B1DE4038E00BE39F7 /* Sources */ = {
			isa = PBXSourcesBuildPhase;
			buildActionMask = 2147483647;
			files = (
				04A5747B1DE54BD9003C9620 /* UIProgressView+AFNetworking.m in Sources */,
				04FFAD4C1DE7F4EF007752D0 /* VarietyViewController.m in Sources */,
				04FFACC51DE5D707007752D0 /* MJArgument.m in Sources */,
				04FFAD051DE686EF007752D0 /* StarVideoList.m in Sources */,
				04FFACFB1DE681F5007752D0 /* SDWebImagePrefetcher.m in Sources */,
				04A5747C1DE54BD9003C9620 /* UIRefreshControl+AFNetworking.m in Sources */,
				04FFACC71DE5D707007752D0 /* MJMember.m in Sources */,
				04FFAD4A1DE7F4EF007752D0 /* SearchViewController.m in Sources */,
				04FFACA21DE5A098007752D0 /* RSSecondViewController.m in Sources */,
				04FFAD141DE6B25D007752D0 /* HjInfoSeries.m in Sources */,
				04FFAD4B1DE7F4EF007752D0 /* VarietyTableViewCell.m in Sources */,
				04A5747D1DE54BD9003C9620 /* UIWebView+AFNetworking.m in Sources */,
				04D3F4711DE411CA0012753D /* TabBarViewController.m in Sources */,
				04FFACD01DE679EB007752D0 /* NetRequestClass+Recommend.m in Sources */,
				04FFAD111DE6B1CA007752D0 /* HjInfo.m in Sources */,
				04A574351DE5450B003C9620 /* RDetailViewController.m in Sources */,
				04FFACCA1DE5D707007752D0 /* MJTypeEncoding.m in Sources */,
				04A5745C1DE54BD5003C9620 /* AFHTTPRequestOperationManager.m in Sources */,
				04FFAD371DE7F41A007752D0 /* ZSecondViewController.m in Sources */,
				04FFACAD1DE5CFDA007752D0 /* HjVideoList.m in Sources */,
				04FFACF81DE681F5007752D0 /* SDWebImageDownloader.m in Sources */,
				04FFAD0E1DE69B3A007752D0 /* StarVideoDyInfo.m in Sources */,
				04FFACFA1DE681F5007752D0 /* SDWebImageManager.m in Sources */,
				04A574211DE4482B003C9620 /* RCollectionViewCell.m in Sources */,
				04FFACFD1DE681F5007752D0 /* UIImage+GIF.m in Sources */,
				04A574601DE54BD5003C9620 /* AFURLConnectionOperation.m in Sources */,
				04A5743A1DE5452A003C9620 /* RPlayViewController.m in Sources */,
				04FFACFC1DE681F5007752D0 /* UIButton+WebCache.m in Sources */,
				04FFACF91DE681F5007752D0 /* SDWebImageDownloaderOperation.m in Sources */,
				04FFAD171DE6B2FC007752D0 /* HjInfoPlayInfo.m in Sources */,
				04FFACCD1DE5D707007752D0 /* NSObject+MJMember.m in Sources */,
				04A574771DE54BD9003C9620 /* UIActivityIndicatorView+AFNetworking.m in Sources */,
				04FFACC91DE5D707007752D0 /* MJType.m in Sources */,
				04FFACCB1DE5D707007752D0 /* NSObject+MJCoding.m in Sources */,
				04FFAD471DE7F4EF007752D0 /* MovieViewController.m in Sources */,
				04FFAD021DE681F5007752D0 /* UIView+WebCacheOperation.m in Sources */,
				04A574301DE47920003C9620 /* RCollectionViewThreeCell.m in Sources */,
				04FFAD2A1DE7ECA4007752D0 /* MoreDetailViewController.m in Sources */,
				04A574611DE54BD5003C9620 /* AFURLRequestSerialization.m in Sources */,
				04FFACF51DE681F5007752D0 /* SDImageCache.m in Sources */,
				04FFACF31DE681F5007752D0 /* MKAnnotationView+WebCache.m in Sources */,
				04FFACA71DE5A0A9007752D0 /* RSThreeViewController.m in Sources */,
				04A574171DE43647003C9620 /* RFirstViewController.m in Sources */,
				04FFAD081DE68708007752D0 /* StarVideoInfo.m in Sources */,
				04A5745D1DE54BD5003C9620 /* AFHTTPSessionManager.m in Sources */,
				04FFACC61DE5D707007752D0 /* MJIvar.m in Sources */,
				04A5745B1DE54BD5003C9620 /* AFHTTPRequestOperation.m in Sources */,
				04A5742B1DE4790F003C9620 /* RCollectionViewTwoCell.m in Sources */,
				04FFACB01DE5D2E6007752D0 /* HjVideoInfo.m in Sources */,
				04FFAD341DE7F41A007752D0 /* ZFirstViewController.m in Sources */,
				04A574761DE54BD9003C9620 /* AFNetworkActivityIndicatorManager.m in Sources */,
				04FFACF71DE681F5007752D0 /* SDWebImageDecoder.m in Sources */,
				04FFAD011DE681F5007752D0 /* UIImageView+WebCache.m in Sources */,
				04FFAD461DE7F4EF007752D0 /* ForumViewController .m in Sources */,
				04A5745F1DE54BD5003C9620 /* AFSecurityPolicy.m in Sources */,
				0490BD571DE406CD00BE39F7 /* RMainViewController.m in Sources */,
				04A5747A1DE54BD9003C9620 /* UIImageView+AFNetworking.m in Sources */,
				04FFACFF1DE681F5007752D0 /* UIImage+WebP.m in Sources */,
				04FFAD251DE7EC89007752D0 /* StarDetailViewController.m in Sources */,
				04FFAC9D1DE5A081007752D0 /* RSFirstViewController.m in Sources */,
				04A5745E1DE54BD5003C9620 /* AFNetworkReachabilityManager.m in Sources */,
				04A574631DE54BD5003C9620 /* AFURLSessionManager.m in Sources */,
				04A574261DE475E0003C9620 /* RCollectionHeaderViewCollectionReusableView.m in Sources */,
				04FFAD0B1DE69AC6007752D0 /* StarVideoDy.m in Sources */,
				04A574781DE54BD9003C9620 /* UIAlertView+AFNetworking.m in Sources */,
				0490BD281DE4038E00BE39F7 /* AppDelegate.m in Sources */,
				04FFACF41DE681F5007752D0 /* NSData+ImageContentType.m in Sources */,
				04FFACFE1DE681F5007752D0 /* UIImage+MultiFormat.m in Sources */,
				04FFAD001DE681F5007752D0 /* UIImageView+HighlightedWebCache.m in Sources */,
				0490BD251DE4038E00BE39F7 /* main.m in Sources */,
				04A574411DE54965003C9620 /* NetRequestClass.m in Sources */,
				04A574621DE54BD5003C9620 /* AFURLResponseSerialization.m in Sources */,
				04FFACC81DE5D707007752D0 /* MJMethod.m in Sources */,
				04A574791DE54BD9003C9620 /* UIButton+AFNetworking.m in Sources */,
				04FFAD361DE7F41A007752D0 /* ZjViewController.m in Sources */,
				04A5741C1DE43658003C9620 /* RSecondViewController.m in Sources */,
				04FFACCC1DE5D707007752D0 /* NSObject+MJKeyValue.m in Sources */,
				04FFACF61DE681F5007752D0 /* SDWebImageCompat.m in Sources */,
			);
			runOnlyForDeploymentPostprocessing = 0;
		};
		0490BD341DE4038F00BE39F7 /* Sources */ = {
			isa = PBXSourcesBuildPhase;
			buildActionMask = 2147483647;
			files = (
				0490BD3F1DE4038F00BE39F7 /* hjtvTests.m in Sources */,
			);
			runOnlyForDeploymentPostprocessing = 0;
		};
/* End PBXSourcesBuildPhase section */

/* Begin PBXTargetDependency section */
		0490BD3A1DE4038F00BE39F7 /* PBXTargetDependency */ = {
			isa = PBXTargetDependency;
			target = 0490BD1E1DE4038E00BE39F7 /* hjtv */;
			targetProxy = 0490BD391DE4038F00BE39F7 /* PBXContainerItemProxy */;
		};
/* End PBXTargetDependency section */

/* Begin PBXVariantGroup section */
		0490BD2C1DE4038E00BE39F7 /* Main.storyboard */ = {
			isa = PBXVariantGroup;
			children = (
				0490BD2D1DE4038E00BE39F7 /* Base */,
			);
			name = Main.storyboard;
			sourceTree = "<group>";
		};
		0490BD311DE4038E00BE39F7 /* LaunchScreen.xib */ = {
			isa = PBXVariantGroup;
			children = (
				0490BD321DE4038E00BE39F7 /* Base */,
			);
			name = LaunchScreen.xib;
			sourceTree = "<group>";
		};
/* End PBXVariantGroup section */

/* Begin XCBuildConfiguration section */
		0490BD401DE4038F00BE39F7 /* Debug */ = {
			isa = XCBuildConfiguration;
			buildSettings = {
				ALWAYS_SEARCH_USER_PATHS = NO;
				CLANG_CXX_LANGUAGE_STANDARD = "gnu++0x";
				CLANG_CXX_LIBRARY = "libc++";
				CLANG_ENABLE_MODULES = YES;
				CLANG_ENABLE_OBJC_ARC = YES;
				CLANG_WARN_BOOL_CONVERSION = YES;
				CLANG_WARN_CONSTANT_CONVERSION = YES;
				CLANG_WARN_DIRECT_OBJC_ISA_USAGE = YES_ERROR;
				CLANG_WARN_EMPTY_BODY = YES;
				CLANG_WARN_ENUM_CONVERSION = YES;
				CLANG_WARN_INT_CONVERSION = YES;
				CLANG_WARN_OBJC_ROOT_CLASS = YES_ERROR;
				CLANG_WARN_UNREACHABLE_CODE = YES;
				CLANG_WARN__DUPLICATE_METHOD_MATCH = YES;
				"CODE_SIGN_IDENTITY[sdk=iphoneos*]" = "iPhone Developer";
				COPY_PHASE_STRIP = NO;
				DEBUG_INFORMATION_FORMAT = "dwarf-with-dsym";
				ENABLE_STRICT_OBJC_MSGSEND = YES;
				GCC_C_LANGUAGE_STANDARD = gnu99;
				GCC_DYNAMIC_NO_PIC = NO;
				GCC_NO_COMMON_BLOCKS = YES;
				GCC_OPTIMIZATION_LEVEL = 0;
				GCC_PREPROCESSOR_DEFINITIONS = (
					"DEBUG=1",
					"$(inherited)",
				);
				GCC_SYMBOLS_PRIVATE_EXTERN = NO;
				GCC_WARN_64_TO_32_BIT_CONVERSION = YES;
				GCC_WARN_ABOUT_RETURN_TYPE = YES_ERROR;
				GCC_WARN_UNDECLARED_SELECTOR = YES;
				GCC_WARN_UNINITIALIZED_AUTOS = YES_AGGRESSIVE;
				GCC_WARN_UNUSED_FUNCTION = YES;
				GCC_WARN_UNUSED_VARIABLE = YES;
				IPHONEOS_DEPLOYMENT_TARGET = 8.4;
				MTL_ENABLE_DEBUG_INFO = YES;
				ONLY_ACTIVE_ARCH = YES;
				SDKROOT = iphoneos;
			};
			name = Debug;
		};
		0490BD411DE4038F00BE39F7 /* Release */ = {
			isa = XCBuildConfiguration;
			buildSettings = {
				ALWAYS_SEARCH_USER_PATHS = NO;
				CLANG_CXX_LANGUAGE_STANDARD = "gnu++0x";
				CLANG_CXX_LIBRARY = "libc++";
				CLANG_ENABLE_MODULES = YES;
				CLANG_ENABLE_OBJC_ARC = YES;
				CLANG_WARN_BOOL_CONVERSION = YES;
				CLANG_WARN_CONSTANT_CONVERSION = YES;
				CLANG_WARN_DIRECT_OBJC_ISA_USAGE = YES_ERROR;
				CLANG_WARN_EMPTY_BODY = YES;
				CLANG_WARN_ENUM_CONVERSION = YES;
				CLANG_WARN_INT_CONVERSION = YES;
				CLANG_WARN_OBJC_ROOT_CLASS = YES_ERROR;
				CLANG_WARN_UNREACHABLE_CODE = YES;
				CLANG_WARN__DUPLICATE_METHOD_MATCH = YES;
				"CODE_SIGN_IDENTITY[sdk=iphoneos*]" = "iPhone Developer";
				COPY_PHASE_STRIP = NO;
				DEBUG_INFORMATION_FORMAT = "dwarf-with-dsym";
				ENABLE_NS_ASSERTIONS = NO;
				ENABLE_STRICT_OBJC_MSGSEND = YES;
				GCC_C_LANGUAGE_STANDARD = gnu99;
				GCC_NO_COMMON_BLOCKS = YES;
				GCC_WARN_64_TO_32_BIT_CONVERSION = YES;
				GCC_WARN_ABOUT_RETURN_TYPE = YES_ERROR;
				GCC_WARN_UNDECLARED_SELECTOR = YES;
				GCC_WARN_UNINITIALIZED_AUTOS = YES_AGGRESSIVE;
				GCC_WARN_UNUSED_FUNCTION = YES;
				GCC_WARN_UNUSED_VARIABLE = YES;
				IPHONEOS_DEPLOYMENT_TARGET = 8.4;
				MTL_ENABLE_DEBUG_INFO = NO;
				SDKROOT = iphoneos;
				VALIDATE_PRODUCT = YES;
			};
			name = Release;
		};
		0490BD431DE4038F00BE39F7 /* Debug */ = {
			isa = XCBuildConfiguration;
			buildSettings = {
				ASSETCATALOG_COMPILER_APPICON_NAME = AppIcon;
				GCC_PREFIX_HEADER = /Users/mac/hjtv/hjtv/Config/PrefixHeader.pch;
				INFOPLIST_FILE = hjtv/Info.plist;
				LD_RUNPATH_SEARCH_PATHS = "$(inherited) @executable_path/Frameworks";
				PRODUCT_NAME = "$(TARGET_NAME)";
			};
			name = Debug;
		};
		0490BD441DE4038F00BE39F7 /* Release */ = {
			isa = XCBuildConfiguration;
			buildSettings = {
				ASSETCATALOG_COMPILER_APPICON_NAME = AppIcon;
				GCC_PREFIX_HEADER = /Users/mac/hjtv/hjtv/Config/PrefixHeader.pch;
				INFOPLIST_FILE = hjtv/Info.plist;
				LD_RUNPATH_SEARCH_PATHS = "$(inherited) @executable_path/Frameworks";
				PRODUCT_NAME = "$(TARGET_NAME)";
			};
			name = Release;
		};
		0490BD461DE4038F00BE39F7 /* Debug */ = {
			isa = XCBuildConfiguration;
			buildSettings = {
				BUNDLE_LOADER = "$(TEST_HOST)";
				FRAMEWORK_SEARCH_PATHS = (
					"$(SDKROOT)/Developer/Library/Frameworks",
					"$(inherited)",
				);
				GCC_PREPROCESSOR_DEFINITIONS = (
					"DEBUG=1",
					"$(inherited)",
				);
				INFOPLIST_FILE = hjtvTests/Info.plist;
				LD_RUNPATH_SEARCH_PATHS = "$(inherited) @executable_path/Frameworks @loader_path/Frameworks";
				PRODUCT_NAME = "$(TARGET_NAME)";
				TEST_HOST = "$(BUILT_PRODUCTS_DIR)/hjtv.app/hjtv";
			};
			name = Debug;
		};
		0490BD471DE4038F00BE39F7 /* Release */ = {
			isa = XCBuildConfiguration;
			buildSettings = {
				BUNDLE_LOADER = "$(TEST_HOST)";
				FRAMEWORK_SEARCH_PATHS = (
					"$(SDKROOT)/Developer/Library/Frameworks",
					"$(inherited)",
				);
				INFOPLIST_FILE = hjtvTests/Info.plist;
				LD_RUNPATH_SEARCH_PATHS = "$(inherited) @executable_path/Frameworks @loader_path/Frameworks";
				PRODUCT_NAME = "$(TARGET_NAME)";
				TEST_HOST = "$(BUILT_PRODUCTS_DIR)/hjtv.app/hjtv";
			};
			name = Release;
		};
/* End XCBuildConfiguration section */

/* Begin XCConfigurationList section */
		0490BD1A1DE4038E00BE39F7 /* Build configuration list for PBXProject "hjtv" */ = {
			isa = XCConfigurationList;
			buildConfigurations = (
				0490BD401DE4038F00BE39F7 /* Debug */,
				0490BD411DE4038F00BE39F7 /* Release */,
			);
			defaultConfigurationIsVisible = 0;
			defaultConfigurationName = Release;
		};
		0490BD421DE4038F00BE39F7 /* Build configuration list for PBXNativeTarget "hjtv" */ = {
			isa = XCConfigurationList;
			buildConfigurations = (
				0490BD431DE4038F00BE39F7 /* Debug */,
				0490BD441DE4038F00BE39F7 /* Release */,
			);
			defaultConfigurationIsVisible = 0;
			defaultConfigurationName = Release;
		};
		0490BD451DE4038F00BE39F7 /* Build configuration list for PBXNativeTarget "hjtvTests" */ = {
			isa = XCConfigurationList;
			buildConfigurations = (
				0490BD461DE4038F00BE39F7 /* Debug */,
				0490BD471DE4038F00BE39F7 /* Release */,
			);
			defaultConfigurationIsVisible = 0;
			defaultConfigurationName = Release;
		};
/* End XCConfigurationList section */
	};
	rootObject = 0490BD171DE4038E00BE39F7 /* Project object */;
}
